// !$*UTF8*$!
{
	archiveVersion = 1;
	classes = {
	};
	objectVersion = 46;
	objects = {

/* Begin PBXAggregateTarget section */
		44F12A9D1B48EC3000812340 /* dailybuildipa */ = {
			isa = PBXAggregateTarget;
			buildConfigurationList = 44F12A9E1B48EC3000812340 /* Build configuration list for PBXAggregateTarget "dailybuildipa" */;
			buildPhases = (
				4473110C1B492439001EDBB2 /* ShellScript */,
			);
			dependencies = (
				4473110B1B49240F001EDBB2 /* PBXTargetDependency */,
			);
			name = dailybuildipa;
			productName = dailybuildipa;
		};
/* End PBXAggregateTarget section */

/* Begin PBXBuildFile section */
		4426DD511C294063007D0A9E /* libstdc++.6.0.9.tbd in Frameworks */ = {isa = PBXBuildFile; fileRef = 4426DD501C294063007D0A9E /* libstdc++.6.0.9.tbd */; };
		4426DD531C29406A007D0A9E /* libz.tbd in Frameworks */ = {isa = PBXBuildFile; fileRef = 4426DD521C29406A007D0A9E /* libz.tbd */; };
		4426DD551C294073007D0A9E /* libstdc++.tbd in Frameworks */ = {isa = PBXBuildFile; fileRef = 4426DD541C294073007D0A9E /* libstdc++.tbd */; };
		4426DD571C29407B007D0A9E /* libz.1.1.3.tbd in Frameworks */ = {isa = PBXBuildFile; fileRef = 4426DD561C29407B007D0A9E /* libz.1.1.3.tbd */; };
		4426DD591C294083007D0A9E /* libsqlite3.tbd in Frameworks */ = {isa = PBXBuildFile; fileRef = 4426DD581C294083007D0A9E /* libsqlite3.tbd */; };
		4426DD5B1C29408A007D0A9E /* libxml2.tbd in Frameworks */ = {isa = PBXBuildFile; fileRef = 4426DD5A1C294089007D0A9E /* libxml2.tbd */; };
		4426DD6D1C2942B6007D0A9E /* libc++.tbd in Frameworks */ = {isa = PBXBuildFile; fileRef = 4426DD6C1C2942B6007D0A9E /* libc++.tbd */; };
		44F12A3A1B48E52A00812340 /* main.m in Sources */ = {isa = PBXBuildFile; fileRef = 44F12A391B48E52A00812340 /* main.m */; };
		44F12A3D1B48E52A00812340 /* AppDelegate.m in Sources */ = {isa = PBXBuildFile; fileRef = 44F12A3C1B48E52A00812340 /* AppDelegate.m */; };
		44F12A431B48E52A00812340 /* Main.storyboard in Resources */ = {isa = PBXBuildFile; fileRef = 44F12A411B48E52A00812340 /* Main.storyboard */; };
		44F12A451B48E52A00812340 /* Images.xcassets in Resources */ = {isa = PBXBuildFile; fileRef = 44F12A441B48E52A00812340 /* Images.xcassets */; };
		44F12A481B48E52A00812340 /* LaunchScreen.xib in Resources */ = {isa = PBXBuildFile; fileRef = 44F12A461B48E52A00812340 /* LaunchScreen.xib */; };
		44F12A541B48E52A00812340 /* MSDKDnsDemoTests.m in Sources */ = {isa = PBXBuildFile; fileRef = 44F12A531B48E52A00812340 /* MSDKDnsDemoTests.m */; };
		44F12A6F1B48E7A400812340 /* CoreTelephony.framework in Frameworks */ = {isa = PBXBuildFile; fileRef = 44F12A6E1B48E7A400812340 /* CoreTelephony.framework */; };
		44F12A711B48E7AB00812340 /* SystemConfiguration.framework in Frameworks */ = {isa = PBXBuildFile; fileRef = 44F12A701B48E7AB00812340 /* SystemConfiguration.framework */; };
		44F12A731B48E7B000812340 /* UIKit.framework in Frameworks */ = {isa = PBXBuildFile; fileRef = 44F12A721B48E7B000812340 /* UIKit.framework */; };
		44F12A751B48E7B600812340 /* Foundation.framework in Frameworks */ = {isa = PBXBuildFile; fileRef = 44F12A741B48E7B600812340 /* Foundation.framework */; };
		44F12A771B48E7BF00812340 /* CoreGraphics.framework in Frameworks */ = {isa = PBXBuildFile; fileRef = 44F12A761B48E7BF00812340 /* CoreGraphics.framework */; };
		44F12A791B48E7C600812340 /* MobileCoreServices.framework in Frameworks */ = {isa = PBXBuildFile; fileRef = 44F12A781B48E7C600812340 /* MobileCoreServices.framework */; };
		44F12A7B1B48E7CE00812340 /* StoreKit.framework in Frameworks */ = {isa = PBXBuildFile; fileRef = 44F12A7A1B48E7CE00812340 /* StoreKit.framework */; };
		44F12A7D1B48E7D700812340 /* CFNetwork.framework in Frameworks */ = {isa = PBXBuildFile; fileRef = 44F12A7C1B48E7D700812340 /* CFNetwork.framework */; };
		44F12A7F1B48E7DE00812340 /* CoreData.framework in Frameworks */ = {isa = PBXBuildFile; fileRef = 44F12A7E1B48E7DE00812340 /* CoreData.framework */; };
		44F12A811B48E7E500812340 /* ImageIO.framework in Frameworks */ = {isa = PBXBuildFile; fileRef = 44F12A801B48E7E500812340 /* ImageIO.framework */; };
		44F12A831B48E7EC00812340 /* CoreText.framework in Frameworks */ = {isa = PBXBuildFile; fileRef = 44F12A821B48E7EC00812340 /* CoreText.framework */; };
		44F12A851B48E7F300812340 /* QuartzCore.framework in Frameworks */ = {isa = PBXBuildFile; fileRef = 44F12A841B48E7F300812340 /* QuartzCore.framework */; };
		44F12A871B48E7FE00812340 /* AdSupport.framework in Frameworks */ = {isa = PBXBuildFile; fileRef = 44F12A861B48E7FE00812340 /* AdSupport.framework */; };
		44F12A8A1B48E88500812340 /* CoreLocation.framework in Frameworks */ = {isa = PBXBuildFile; fileRef = 44F12A891B48E88500812340 /* CoreLocation.framework */; };
		44F12A8C1B48E8A800812340 /* Security.framework in Frameworks */ = {isa = PBXBuildFile; fileRef = 44F12A8B1B48E8A800812340 /* Security.framework */; };
		505FAED21D3E136F002C1C6D /* icon.png in Resources */ = {isa = PBXBuildFile; fileRef = 505FAED11D3E136F002C1C6D /* icon.png */; };
		505FAEE41D3E138A002C1C6D /* GCDAsyncSocket.m in Sources */ = {isa = PBXBuildFile; fileRef = 505FAED51D3E138A002C1C6D /* GCDAsyncSocket.m */; };
		505FAEE51D3E138A002C1C6D /* GCDAsyncUdpSocket.m in Sources */ = {isa = PBXBuildFile; fileRef = 505FAED71D3E138A002C1C6D /* GCDAsyncUdpSocket.m */; };
		505FAEE61D3E138A002C1C6D /* H5ContentURLProtocol.m in Sources */ = {isa = PBXBuildFile; fileRef = 505FAED91D3E138A002C1C6D /* H5ContentURLProtocol.m */; };
		505FAEE71D3E138A002C1C6D /* H5DnsViewController.m in Sources */ = {isa = PBXBuildFile; fileRef = 505FAEDB1D3E138A002C1C6D /* H5DnsViewController.m */; };
		505FAEE81D3E138A002C1C6D /* HttpDNS.mm in Sources */ = {isa = PBXBuildFile; fileRef = 505FAEDD1D3E138A002C1C6D /* HttpDNS.mm */; };
		505FAEE91D3E138A002C1C6D /* HttpDnsTCP.m in Sources */ = {isa = PBXBuildFile; fileRef = 505FAEDF1D3E138A002C1C6D /* HttpDnsTCP.m */; };
		505FAEEA1D3E138A002C1C6D /* HttpDnsUDP.m in Sources */ = {isa = PBXBuildFile; fileRef = 505FAEE11D3E138A002C1C6D /* HttpDnsUDP.m */; };
		505FAEEB1D3E138A002C1C6D /* HttpDnsViewController.m in Sources */ = {isa = PBXBuildFile; fileRef = 505FAEE31D3E138A002C1C6D /* HttpDnsViewController.m */; };
		505FAEEE1D3E1394002C1C6D /* LabelWithPickView.m in Sources */ = {isa = PBXBuildFile; fileRef = 505FAEED1D3E1394002C1C6D /* LabelWithPickView.m */; };
		50A0FEDF1D0E8C6A004C502B /* BeaconAPI_Base.framework in Frameworks */ = {isa = PBXBuildFile; fileRef = 50A0FEDE1D0E8C6A004C502B /* BeaconAPI_Base.framework */; };
		5F6AA05C1B57ACF800C6D8D6 /* MSDKDns.framework in Frameworks */ = {isa = PBXBuildFile; fileRef = 5F6AA05B1B57ACF800C6D8D6 /* MSDKDns.framework */; };
/* End PBXBuildFile section */

/* Begin PBXContainerItemProxy section */
		4473110A1B49240F001EDBB2 /* PBXContainerItemProxy */ = {
			isa = PBXContainerItemProxy;
			containerPortal = 44F12A2C1B48E52A00812340 /* Project object */;
			proxyType = 1;
			remoteGlobalIDString = 44F12A331B48E52A00812340;
			remoteInfo = MSDKDnsDemo;
		};
		44F12A4E1B48E52A00812340 /* PBXContainerItemProxy */ = {
			isa = PBXContainerItemProxy;
			containerPortal = 44F12A2C1B48E52A00812340 /* Project object */;
			proxyType = 1;
			remoteGlobalIDString = 44F12A331B48E52A00812340;
			remoteInfo = MSDKDnsDemo;
		};
/* End PBXContainerItemProxy section */

/* Begin PBXFileReference section */
		4426DD501C294063007D0A9E /* libstdc++.6.0.9.tbd */ = {isa = PBXFileReference; lastKnownFileType = "sourcecode.text-based-dylib-definition"; name = "libstdc++.6.0.9.tbd"; path = "usr/lib/libstdc++.6.0.9.tbd"; sourceTree = SDKROOT; };
		4426DD521C29406A007D0A9E /* libz.tbd */ = {isa = PBXFileReference; lastKnownFileType = "sourcecode.text-based-dylib-definition"; name = libz.tbd; path = usr/lib/libz.tbd; sourceTree = SDKROOT; };
		4426DD541C294073007D0A9E /* libstdc++.tbd */ = {isa = PBXFileReference; lastKnownFileType = "sourcecode.text-based-dylib-definition"; name = "libstdc++.tbd"; path = "usr/lib/libstdc++.tbd"; sourceTree = SDKROOT; };
		4426DD561C29407B007D0A9E /* libz.1.1.3.tbd */ = {isa = PBXFileReference; lastKnownFileType = "sourcecode.text-based-dylib-definition"; name = libz.1.1.3.tbd; path = usr/lib/libz.1.1.3.tbd; sourceTree = SDKROOT; };
		4426DD581C294083007D0A9E /* libsqlite3.tbd */ = {isa = PBXFileReference; lastKnownFileType = "sourcecode.text-based-dylib-definition"; name = libsqlite3.tbd; path = usr/lib/libsqlite3.tbd; sourceTree = SDKROOT; };
		4426DD5A1C294089007D0A9E /* libxml2.tbd */ = {isa = PBXFileReference; lastKnownFileType = "sourcecode.text-based-dylib-definition"; name = libxml2.tbd; path = usr/lib/libxml2.tbd; sourceTree = SDKROOT; };
		4426DD6C1C2942B6007D0A9E /* libc++.tbd */ = {isa = PBXFileReference; lastKnownFileType = "sourcecode.text-based-dylib-definition"; name = "libc++.tbd"; path = "usr/lib/libc++.tbd"; sourceTree = SDKROOT; };
		44F12A341B48E52A00812340 /* MSDKDnsDemo.app */ = {isa = PBXFileReference; explicitFileType = wrapper.application; includeInIndex = 0; path = MSDKDnsDemo.app; sourceTree = BUILT_PRODUCTS_DIR; };
		44F12A381B48E52A00812340 /* Info.plist */ = {isa = PBXFileReference; lastKnownFileType = text.plist.xml; path = Info.plist; sourceTree = "<group>"; };
		44F12A391B48E52A00812340 /* main.m */ = {isa = PBXFileReference; lastKnownFileType = sourcecode.c.objc; path = main.m; sourceTree = "<group>"; };
		44F12A3B1B48E52A00812340 /* AppDelegate.h */ = {isa = PBXFileReference; lastKnownFileType = sourcecode.c.h; path = AppDelegate.h; sourceTree = "<group>"; };
		44F12A3C1B48E52A00812340 /* AppDelegate.m */ = {isa = PBXFileReference; lastKnownFileType = sourcecode.c.objc; path = AppDelegate.m; sourceTree = "<group>"; };
		44F12A421B48E52A00812340 /* Base */ = {isa = PBXFileReference; lastKnownFileType = file.storyboard; name = Base; path = Base.lproj/Main.storyboard; sourceTree = "<group>"; };
		44F12A441B48E52A00812340 /* Images.xcassets */ = {isa = PBXFileReference; lastKnownFileType = folder.assetcatalog; path = Images.xcassets; sourceTree = "<group>"; };
		44F12A471B48E52A00812340 /* Base */ = {isa = PBXFileReference; lastKnownFileType = file.xib; name = Base; path = Base.lproj/LaunchScreen.xib; sourceTree = "<group>"; };
		44F12A4D1B48E52A00812340 /* MSDKDnsDemoTests.xctest */ = {isa = PBXFileReference; explicitFileType = wrapper.cfbundle; includeInIndex = 0; path = MSDKDnsDemoTests.xctest; sourceTree = BUILT_PRODUCTS_DIR; };
		44F12A521B48E52A00812340 /* Info.plist */ = {isa = PBXFileReference; lastKnownFileType = text.plist.xml; path = Info.plist; sourceTree = "<group>"; };
		44F12A531B48E52A00812340 /* MSDKDnsDemoTests.m */ = {isa = PBXFileReference; lastKnownFileType = sourcecode.c.objc; path = MSDKDnsDemoTests.m; sourceTree = "<group>"; };
		44F12A6E1B48E7A400812340 /* CoreTelephony.framework */ = {isa = PBXFileReference; lastKnownFileType = wrapper.framework; name = CoreTelephony.framework; path = System/Library/Frameworks/CoreTelephony.framework; sourceTree = SDKROOT; };
		44F12A701B48E7AB00812340 /* SystemConfiguration.framework */ = {isa = PBXFileReference; lastKnownFileType = wrapper.framework; name = SystemConfiguration.framework; path = System/Library/Frameworks/SystemConfiguration.framework; sourceTree = SDKROOT; };
		44F12A721B48E7B000812340 /* UIKit.framework */ = {isa = PBXFileReference; lastKnownFileType = wrapper.framework; name = UIKit.framework; path = System/Library/Frameworks/UIKit.framework; sourceTree = SDKROOT; };
		44F12A741B48E7B600812340 /* Foundation.framework */ = {isa = PBXFileReference; lastKnownFileType = wrapper.framework; name = Foundation.framework; path = System/Library/Frameworks/Foundation.framework; sourceTree = SDKROOT; };
		44F12A761B48E7BF00812340 /* CoreGraphics.framework */ = {isa = PBXFileReference; lastKnownFileType = wrapper.framework; name = CoreGraphics.framework; path = System/Library/Frameworks/CoreGraphics.framework; sourceTree = SDKROOT; };
		44F12A781B48E7C600812340 /* MobileCoreServices.framework */ = {isa = PBXFileReference; lastKnownFileType = wrapper.framework; name = MobileCoreServices.framework; path = System/Library/Frameworks/MobileCoreServices.framework; sourceTree = SDKROOT; };
		44F12A7A1B48E7CE00812340 /* StoreKit.framework */ = {isa = PBXFileReference; lastKnownFileType = wrapper.framework; name = StoreKit.framework; path = System/Library/Frameworks/StoreKit.framework; sourceTree = SDKROOT; };
		44F12A7C1B48E7D700812340 /* CFNetwork.framework */ = {isa = PBXFileReference; lastKnownFileType = wrapper.framework; name = CFNetwork.framework; path = System/Library/Frameworks/CFNetwork.framework; sourceTree = SDKROOT; };
		44F12A7E1B48E7DE00812340 /* CoreData.framework */ = {isa = PBXFileReference; lastKnownFileType = wrapper.framework; name = CoreData.framework; path = System/Library/Frameworks/CoreData.framework; sourceTree = SDKROOT; };
		44F12A801B48E7E500812340 /* ImageIO.framework */ = {isa = PBXFileReference; lastKnownFileType = wrapper.framework; name = ImageIO.framework; path = System/Library/Frameworks/ImageIO.framework; sourceTree = SDKROOT; };
		44F12A821B48E7EC00812340 /* CoreText.framework */ = {isa = PBXFileReference; lastKnownFileType = wrapper.framework; name = CoreText.framework; path = System/Library/Frameworks/CoreText.framework; sourceTree = SDKROOT; };
		44F12A841B48E7F300812340 /* QuartzCore.framework */ = {isa = PBXFileReference; lastKnownFileType = wrapper.framework; name = QuartzCore.framework; path = System/Library/Frameworks/QuartzCore.framework; sourceTree = SDKROOT; };
		44F12A861B48E7FE00812340 /* AdSupport.framework */ = {isa = PBXFileReference; lastKnownFileType = wrapper.framework; name = AdSupport.framework; path = System/Library/Frameworks/AdSupport.framework; sourceTree = SDKROOT; };
		44F12A891B48E88500812340 /* CoreLocation.framework */ = {isa = PBXFileReference; lastKnownFileType = wrapper.framework; name = CoreLocation.framework; path = System/Library/Frameworks/CoreLocation.framework; sourceTree = SDKROOT; };
		44F12A8B1B48E8A800812340 /* Security.framework */ = {isa = PBXFileReference; lastKnownFileType = wrapper.framework; name = Security.framework; path = System/Library/Frameworks/Security.framework; sourceTree = SDKROOT; };
		505FAED11D3E136F002C1C6D /* icon.png */ = {isa = PBXFileReference; lastKnownFileType = image.png; path = icon.png; sourceTree = "<group>"; };
		505FAED41D3E138A002C1C6D /* GCDAsyncSocket.h */ = {isa = PBXFileReference; fileEncoding = 4; lastKnownFileType = sourcecode.c.h; path = GCDAsyncSocket.h; sourceTree = "<group>"; };
		505FAED51D3E138A002C1C6D /* GCDAsyncSocket.m */ = {isa = PBXFileReference; fileEncoding = 4; lastKnownFileType = sourcecode.c.objc; path = GCDAsyncSocket.m; sourceTree = "<group>"; };
		505FAED61D3E138A002C1C6D /* GCDAsyncUdpSocket.h */ = {isa = PBXFileReference; fileEncoding = 4; lastKnownFileType = sourcecode.c.h; path = GCDAsyncUdpSocket.h; sourceTree = "<group>"; };
		505FAED71D3E138A002C1C6D /* GCDAsyncUdpSocket.m */ = {isa = PBXFileReference; fileEncoding = 4; lastKnownFileType = sourcecode.c.objc; path = GCDAsyncUdpSocket.m; sourceTree = "<group>"; };
		505FAED81D3E138A002C1C6D /* H5ContentURLProtocol.h */ = {isa = PBXFileReference; fileEncoding = 4; lastKnownFileType = sourcecode.c.h; path = H5ContentURLProtocol.h; sourceTree = "<group>"; };
		505FAED91D3E138A002C1C6D /* H5ContentURLProtocol.m */ = {isa = PBXFileReference; fileEncoding = 4; lastKnownFileType = sourcecode.c.objc; path = H5ContentURLProtocol.m; sourceTree = "<group>"; };
		505FAEDA1D3E138A002C1C6D /* H5DnsViewController.h */ = {isa = PBXFileReference; fileEncoding = 4; lastKnownFileType = sourcecode.c.h; path = H5DnsViewController.h; sourceTree = "<group>"; };
		505FAEDB1D3E138A002C1C6D /* H5DnsViewController.m */ = {isa = PBXFileReference; fileEncoding = 4; lastKnownFileType = sourcecode.c.objc; path = H5DnsViewController.m; sourceTree = "<group>"; };
		505FAEDC1D3E138A002C1C6D /* HttpDNS.h */ = {isa = PBXFileReference; fileEncoding = 4; lastKnownFileType = sourcecode.c.h; path = HttpDNS.h; sourceTree = "<group>"; };
		505FAEDD1D3E138A002C1C6D /* HttpDNS.mm */ = {isa = PBXFileReference; fileEncoding = 4; lastKnownFileType = sourcecode.cpp.objcpp; path = HttpDNS.mm; sourceTree = "<group>"; };
		505FAEDE1D3E138A002C1C6D /* HttpDnsTCP.h */ = {isa = PBXFileReference; fileEncoding = 4; lastKnownFileType = sourcecode.c.h; path = HttpDnsTCP.h; sourceTree = "<group>"; };
		505FAEDF1D3E138A002C1C6D /* HttpDnsTCP.m */ = {isa = PBXFileReference; fileEncoding = 4; lastKnownFileType = sourcecode.c.objc; path = HttpDnsTCP.m; sourceTree = "<group>"; };
		505FAEE01D3E138A002C1C6D /* HttpDnsUDP.h */ = {isa = PBXFileReference; fileEncoding = 4; lastKnownFileType = sourcecode.c.h; path = HttpDnsUDP.h; sourceTree = "<group>"; };
		505FAEE11D3E138A002C1C6D /* HttpDnsUDP.m */ = {isa = PBXFileReference; fileEncoding = 4; lastKnownFileType = sourcecode.c.objc; path = HttpDnsUDP.m; sourceTree = "<group>"; };
		505FAEE21D3E138A002C1C6D /* HttpDnsViewController.h */ = {isa = PBXFileReference; fileEncoding = 4; lastKnownFileType = sourcecode.c.h; path = HttpDnsViewController.h; sourceTree = "<group>"; };
		505FAEE31D3E138A002C1C6D /* HttpDnsViewController.m */ = {isa = PBXFileReference; fileEncoding = 4; lastKnownFileType = sourcecode.c.objc; path = HttpDnsViewController.m; sourceTree = "<group>"; };
		505FAEEC1D3E1394002C1C6D /* LabelWithPickView.h */ = {isa = PBXFileReference; fileEncoding = 4; lastKnownFileType = sourcecode.c.h; path = LabelWithPickView.h; sourceTree = "<group>"; };
		505FAEED1D3E1394002C1C6D /* LabelWithPickView.m */ = {isa = PBXFileReference; fileEncoding = 4; lastKnownFileType = sourcecode.c.objc; path = LabelWithPickView.m; sourceTree = "<group>"; };
		50A0FEDE1D0E8C6A004C502B /* BeaconAPI_Base.framework */ = {isa = PBXFileReference; lastKnownFileType = wrapper.framework; path = BeaconAPI_Base.framework; sourceTree = "<group>"; };
		5F6AA05B1B57ACF800C6D8D6 /* MSDKDns.framework */ = {isa = PBXFileReference; lastKnownFileType = wrapper.framework; path = MSDKDns.framework; sourceTree = "<group>"; };
/* End PBXFileReference section */

/* Begin PBXFrameworksBuildPhase section */
		44F12A311B48E52A00812340 /* Frameworks */ = {
			isa = PBXFrameworksBuildPhase;
			buildActionMask = 2147483647;
			files = (
				50A0FEDF1D0E8C6A004C502B /* BeaconAPI_Base.framework in Frameworks */,
				4426DD6D1C2942B6007D0A9E /* libc++.tbd in Frameworks */,
				4426DD5B1C29408A007D0A9E /* libxml2.tbd in Frameworks */,
				4426DD591C294083007D0A9E /* libsqlite3.tbd in Frameworks */,
				4426DD571C29407B007D0A9E /* libz.1.1.3.tbd in Frameworks */,
				4426DD551C294073007D0A9E /* libstdc++.tbd in Frameworks */,
				4426DD531C29406A007D0A9E /* libz.tbd in Frameworks */,
				4426DD511C294063007D0A9E /* libstdc++.6.0.9.tbd in Frameworks */,
				44F12A8C1B48E8A800812340 /* Security.framework in Frameworks */,
				44F12A8A1B48E88500812340 /* CoreLocation.framework in Frameworks */,
				44F12A871B48E7FE00812340 /* AdSupport.framework in Frameworks */,
				44F12A851B48E7F300812340 /* QuartzCore.framework in Frameworks */,
				44F12A831B48E7EC00812340 /* CoreText.framework in Frameworks */,
				44F12A811B48E7E500812340 /* ImageIO.framework in Frameworks */,
				44F12A7F1B48E7DE00812340 /* CoreData.framework in Frameworks */,
				44F12A7D1B48E7D700812340 /* CFNetwork.framework in Frameworks */,
				44F12A7B1B48E7CE00812340 /* StoreKit.framework in Frameworks */,
				44F12A791B48E7C600812340 /* MobileCoreServices.framework in Frameworks */,
				44F12A771B48E7BF00812340 /* CoreGraphics.framework in Frameworks */,
				5F6AA05C1B57ACF800C6D8D6 /* MSDKDns.framework in Frameworks */,
				44F12A751B48E7B600812340 /* Foundation.framework in Frameworks */,
				44F12A731B48E7B000812340 /* UIKit.framework in Frameworks */,
				44F12A711B48E7AB00812340 /* SystemConfiguration.framework in Frameworks */,
				44F12A6F1B48E7A400812340 /* CoreTelephony.framework in Frameworks */,
			);
			runOnlyForDeploymentPostprocessing = 0;
		};
		44F12A4A1B48E52A00812340 /* Frameworks */ = {
			isa = PBXFrameworksBuildPhase;
			buildActionMask = 2147483647;
			files = (
			);
			runOnlyForDeploymentPostprocessing = 0;
		};
/* End PBXFrameworksBuildPhase section */

/* Begin PBXGroup section */
		44AF5FE31B96EB97001B2E65 /* images */ = {
			isa = PBXGroup;
			children = (
				505FAED11D3E136F002C1C6D /* icon.png */,
			);
			path = images;
			sourceTree = "<group>";
		};
		44F12A2B1B48E52A00812340 = {
			isa = PBXGroup;
			children = (
				44F12A361B48E52A00812340 /* MSDKDnsDemo */,
				44F12A501B48E52A00812340 /* MSDKDnsDemoTests */,
				44F12A351B48E52A00812340 /* Products */,
			);
			sourceTree = "<group>";
		};
		44F12A351B48E52A00812340 /* Products */ = {
			isa = PBXGroup;
			children = (
				44F12A341B48E52A00812340 /* MSDKDnsDemo.app */,
				44F12A4D1B48E52A00812340 /* MSDKDnsDemoTests.xctest */,
			);
			name = Products;
			sourceTree = "<group>";
		};
		44F12A361B48E52A00812340 /* MSDKDnsDemo */ = {
			isa = PBXGroup;
			children = (
				5F6AA0591B57ACF800C6D8D6 /* Library */,
				44F12A881B48E80400812340 /* Librarys */,
				44F12A3B1B48E52A00812340 /* AppDelegate.h */,
				44F12A3C1B48E52A00812340 /* AppDelegate.m */,
				505FAEEC1D3E1394002C1C6D /* LabelWithPickView.h */,
				505FAEED1D3E1394002C1C6D /* LabelWithPickView.m */,
				505FAEE21D3E138A002C1C6D /* HttpDnsViewController.h */,
				505FAEE31D3E138A002C1C6D /* HttpDnsViewController.m */,
				505FAEF01D3E1401002C1C6D /* Socket */,
				505FAEF11D3E140B002C1C6D /* H5 */,
				505FAED31D3E138A002C1C6D /* GCD */,
				44F12A411B48E52A00812340 /* Main.storyboard */,
				44F12A441B48E52A00812340 /* Images.xcassets */,
				44F12A461B48E52A00812340 /* LaunchScreen.xib */,
				44AF5FE31B96EB97001B2E65 /* images */,
				44F12A371B48E52A00812340 /* Supporting Files */,
			);
			path = MSDKDnsDemo;
			sourceTree = "<group>";
		};
		44F12A371B48E52A00812340 /* Supporting Files */ = {
			isa = PBXGroup;
			children = (
				44F12A381B48E52A00812340 /* Info.plist */,
				44F12A391B48E52A00812340 /* main.m */,
			);
			name = "Supporting Files";
			sourceTree = "<group>";
		};
		44F12A501B48E52A00812340 /* MSDKDnsDemoTests */ = {
			isa = PBXGroup;
			children = (
				44F12A531B48E52A00812340 /* MSDKDnsDemoTests.m */,
				44F12A511B48E52A00812340 /* Supporting Files */,
			);
			path = MSDKDnsDemoTests;
			sourceTree = "<group>";
		};
		44F12A511B48E52A00812340 /* Supporting Files */ = {
			isa = PBXGroup;
			children = (
				44F12A521B48E52A00812340 /* Info.plist */,
			);
			name = "Supporting Files";
			sourceTree = "<group>";
		};
		44F12A881B48E80400812340 /* Librarys */ = {
			isa = PBXGroup;
			children = (
				4426DD6C1C2942B6007D0A9E /* libc++.tbd */,
				4426DD5A1C294089007D0A9E /* libxml2.tbd */,
				4426DD581C294083007D0A9E /* libsqlite3.tbd */,
				4426DD561C29407B007D0A9E /* libz.1.1.3.tbd */,
				4426DD541C294073007D0A9E /* libstdc++.tbd */,
				4426DD521C29406A007D0A9E /* libz.tbd */,
				4426DD501C294063007D0A9E /* libstdc++.6.0.9.tbd */,
				50A0FEDE1D0E8C6A004C502B /* BeaconAPI_Base.framework */,
				44F12A861B48E7FE00812340 /* AdSupport.framework */,
				44F12A841B48E7F300812340 /* QuartzCore.framework */,
				44F12A821B48E7EC00812340 /* CoreText.framework */,
				44F12A801B48E7E500812340 /* ImageIO.framework */,
				44F12A7E1B48E7DE00812340 /* CoreData.framework */,
				44F12A7C1B48E7D700812340 /* CFNetwork.framework */,
				44F12A7A1B48E7CE00812340 /* StoreKit.framework */,
				44F12A781B48E7C600812340 /* MobileCoreServices.framework */,
				44F12A761B48E7BF00812340 /* CoreGraphics.framework */,
				44F12A741B48E7B600812340 /* Foundation.framework */,
				44F12A721B48E7B000812340 /* UIKit.framework */,
				44F12A701B48E7AB00812340 /* SystemConfiguration.framework */,
				44F12A6E1B48E7A400812340 /* CoreTelephony.framework */,
				44F12A8B1B48E8A800812340 /* Security.framework */,
				44F12A891B48E88500812340 /* CoreLocation.framework */,
			);
			name = Librarys;
			sourceTree = "<group>";
		};
		505FAED31D3E138A002C1C6D /* GCD */ = {
			isa = PBXGroup;
			children = (
				505FAED41D3E138A002C1C6D /* GCDAsyncSocket.h */,
				505FAED51D3E138A002C1C6D /* GCDAsyncSocket.m */,
				505FAED61D3E138A002C1C6D /* GCDAsyncUdpSocket.h */,
				505FAED71D3E138A002C1C6D /* GCDAsyncUdpSocket.m */,
			);
			path = GCD;
			sourceTree = "<group>";
		};
		505FAEF01D3E1401002C1C6D /* Socket */ = {
			isa = PBXGroup;
			children = (
				505FAEDE1D3E138A002C1C6D /* HttpDnsTCP.h */,
				505FAEDF1D3E138A002C1C6D /* HttpDnsTCP.m */,
				505FAEE01D3E138A002C1C6D /* HttpDnsUDP.h */,
				505FAEE11D3E138A002C1C6D /* HttpDnsUDP.m */,
			);
			name = Socket;
			sourceTree = "<group>";
		};
		505FAEF11D3E140B002C1C6D /* H5 */ = {
			isa = PBXGroup;
			children = (
				505FAED81D3E138A002C1C6D /* H5ContentURLProtocol.h */,
				505FAED91D3E138A002C1C6D /* H5ContentURLProtocol.m */,
				505FAEDA1D3E138A002C1C6D /* H5DnsViewController.h */,
				505FAEDB1D3E138A002C1C6D /* H5DnsViewController.m */,
				505FAEDC1D3E138A002C1C6D /* HttpDNS.h */,
				505FAEDD1D3E138A002C1C6D /* HttpDNS.mm */,
			);
			name = H5;
			sourceTree = "<group>";
		};
		5F6AA0591B57ACF800C6D8D6 /* Library */ = {
			isa = PBXGroup;
			children = (
				5F6AA05A1B57ACF800C6D8D6 /* MSDKDns */,
			);
			path = Library;
			sourceTree = SOURCE_ROOT;
		};
		5F6AA05A1B57ACF800C6D8D6 /* MSDKDns */ = {
			isa = PBXGroup;
			children = (
				5F6AA05B1B57ACF800C6D8D6 /* MSDKDns.framework */,
			);
			path = MSDKDns;
			sourceTree = "<group>";
		};
/* End PBXGroup section */

/* Begin PBXNativeTarget section */
		44F12A331B48E52A00812340 /* MSDKDnsDemo */ = {
			isa = PBXNativeTarget;
			buildConfigurationList = 44F12A571B48E52A00812340 /* Build configuration list for PBXNativeTarget "MSDKDnsDemo" */;
			buildPhases = (
				44F12A301B48E52A00812340 /* Sources */,
				44F12A311B48E52A00812340 /* Frameworks */,
				44F12A321B48E52A00812340 /* Resources */,
			);
			buildRules = (
			);
			dependencies = (
			);
			name = MSDKDnsDemo;
			productName = MSDKDnsDemo;
			productReference = 44F12A341B48E52A00812340 /* MSDKDnsDemo.app */;
			productType = "com.apple.product-type.application";
		};
		44F12A4C1B48E52A00812340 /* MSDKDnsDemoTests */ = {
			isa = PBXNativeTarget;
			buildConfigurationList = 44F12A5A1B48E52A00812340 /* Build configuration list for PBXNativeTarget "MSDKDnsDemoTests" */;
			buildPhases = (
				44F12A491B48E52A00812340 /* Sources */,
				44F12A4A1B48E52A00812340 /* Frameworks */,
				44F12A4B1B48E52A00812340 /* Resources */,
			);
			buildRules = (
			);
			dependencies = (
				44F12A4F1B48E52A00812340 /* PBXTargetDependency */,
			);
			name = MSDKDnsDemoTests;
			productName = MSDKDnsDemoTests;
			productReference = 44F12A4D1B48E52A00812340 /* MSDKDnsDemoTests.xctest */;
			productType = "com.apple.product-type.bundle.unit-test";
		};
/* End PBXNativeTarget section */

/* Begin PBXProject section */
		44F12A2C1B48E52A00812340 /* Project object */ = {
			isa = PBXProject;
			attributes = {
				LastUpgradeCheck = 0640;
				ORGANIZATIONNAME = Tencent;
				TargetAttributes = {
					44F12A331B48E52A00812340 = {
						CreatedOnToolsVersion = 6.4;
					};
					44F12A4C1B48E52A00812340 = {
						CreatedOnToolsVersion = 6.4;
						TestTargetID = 44F12A331B48E52A00812340;
					};
					44F12A9D1B48EC3000812340 = {
						CreatedOnToolsVersion = 6.4;
					};
				};
			};
			buildConfigurationList = 44F12A2F1B48E52A00812340 /* Build configuration list for PBXProject "MSDKDnsDemo" */;
			compatibilityVersion = "Xcode 3.2";
			developmentRegion = English;
			hasScannedForEncodings = 0;
			knownRegions = (
				en,
				Base,
			);
			mainGroup = 44F12A2B1B48E52A00812340;
			productRefGroup = 44F12A351B48E52A00812340 /* Products */;
			projectDirPath = "";
			projectRoot = "";
			targets = (
				44F12A331B48E52A00812340 /* MSDKDnsDemo */,
				44F12A4C1B48E52A00812340 /* MSDKDnsDemoTests */,
				44F12A9D1B48EC3000812340 /* dailybuildipa */,
			);
		};
/* End PBXProject section */

/* Begin PBXResourcesBuildPhase section */
		44F12A321B48E52A00812340 /* Resources */ = {
			isa = PBXResourcesBuildPhase;
			buildActionMask = 2147483647;
			files = (
				505FAED21D3E136F002C1C6D /* icon.png in Resources */,
				44F12A431B48E52A00812340 /* Main.storyboard in Resources */,
				44F12A481B48E52A00812340 /* LaunchScreen.xib in Resources */,
				44F12A451B48E52A00812340 /* Images.xcassets in Resources */,
			);
			runOnlyForDeploymentPostprocessing = 0;
		};
		44F12A4B1B48E52A00812340 /* Resources */ = {
			isa = PBXResourcesBuildPhase;
			buildActionMask = 2147483647;
			files = (
			);
			runOnlyForDeploymentPostprocessing = 0;
		};
/* End PBXResourcesBuildPhase section */

/* Begin PBXShellScriptBuildPhase section */
		4473110C1B492439001EDBB2 /* ShellScript */ = {
			isa = PBXShellScriptBuildPhase;
			buildActionMask = 2147483647;
			files = (
			);
			inputPaths = (
			);
			outputPaths = (
			);
			runOnlyForDeploymentPostprocessing = 0;
			shellPath = /bin/sh;
			shellScript = "# compress application.\n\n/bin/mkdir $CONFIGURATION_BUILD_DIR/Payload\n/bin/mkdir $CONFIGURATION_BUILD_DIR/iTunesArtwork\n\n/bin/cp -R $CONFIGURATION_BUILD_DIR/MSDKDnsDemo.app $CONFIGURATION_BUILD_DIR/Payload\n\n# /bin/cp images/logo_itunes.png $CONFIGURATION_BUILD_DIR/iTunesArtwork\n\ncd $CONFIGURATION_BUILD_DIR\n\n# zip up the WGFrameworkDemo directory\n\n/usr/bin/zip -r MSDKDnsDemo.ipa Payload iTunesArtwork\n\n";
		};
/* End PBXShellScriptBuildPhase section */

/* Begin PBXSourcesBuildPhase section */
		44F12A301B48E52A00812340 /* Sources */ = {
			isa = PBXSourcesBuildPhase;
			buildActionMask = 2147483647;
			files = (
				505FAEEB1D3E138A002C1C6D /* HttpDnsViewController.m in Sources */,
				505FAEE71D3E138A002C1C6D /* H5DnsViewController.m in Sources */,
				505FAEE61D3E138A002C1C6D /* H5ContentURLProtocol.m in Sources */,
				505FAEE41D3E138A002C1C6D /* GCDAsyncSocket.m in Sources */,
				505FAEEE1D3E1394002C1C6D /* LabelWithPickView.m in Sources */,
				505FAEE51D3E138A002C1C6D /* GCDAsyncUdpSocket.m in Sources */,
				44F12A3D1B48E52A00812340 /* AppDelegate.m in Sources */,
				44F12A3A1B48E52A00812340 /* main.m in Sources */,
				505FAEEA1D3E138A002C1C6D /* HttpDnsUDP.m in Sources */,
				505FAEE81D3E138A002C1C6D /* HttpDNS.mm in Sources */,
				505FAEE91D3E138A002C1C6D /* HttpDnsTCP.m in Sources */,
			);
			runOnlyForDeploymentPostprocessing = 0;
		};
		44F12A491B48E52A00812340 /* Sources */ = {
			isa = PBXSourcesBuildPhase;
			buildActionMask = 2147483647;
			files = (
				44F12A541B48E52A00812340 /* MSDKDnsDemoTests.m in Sources */,
			);
			runOnlyForDeploymentPostprocessing = 0;
		};
/* End PBXSourcesBuildPhase section */

/* Begin PBXTargetDependency section */
		4473110B1B49240F001EDBB2 /* PBXTargetDependency */ = {
			isa = PBXTargetDependency;
			target = 44F12A331B48E52A00812340 /* MSDKDnsDemo */;
			targetProxy = 4473110A1B49240F001EDBB2 /* PBXContainerItemProxy */;
		};
		44F12A4F1B48E52A00812340 /* PBXTargetDependency */ = {
			isa = PBXTargetDependency;
			target = 44F12A331B48E52A00812340 /* MSDKDnsDemo */;
			targetProxy = 44F12A4E1B48E52A00812340 /* PBXContainerItemProxy */;
		};
/* End PBXTargetDependency section */

/* Begin PBXVariantGroup section */
		44F12A411B48E52A00812340 /* Main.storyboard */ = {
			isa = PBXVariantGroup;
			children = (
				44F12A421B48E52A00812340 /* Base */,
			);
			name = Main.storyboard;
			sourceTree = "<group>";
		};
		44F12A461B48E52A00812340 /* LaunchScreen.xib */ = {
			isa = PBXVariantGroup;
			children = (
				44F12A471B48E52A00812340 /* Base */,
			);
			name = LaunchScreen.xib;
			sourceTree = "<group>";
		};
/* End PBXVariantGroup section */

/* Begin XCBuildConfiguration section */
		44F12A551B48E52A00812340 /* Debug */ = {
			isa = XCBuildConfiguration;
			buildSettings = {
				ALWAYS_SEARCH_USER_PATHS = NO;
				CLANG_CXX_LANGUAGE_STANDARD = "gnu++0x";
				CLANG_CXX_LIBRARY = "libc++";
				CLANG_ENABLE_MODULES = YES;
				CLANG_ENABLE_OBJC_ARC = YES;
				CLANG_WARN_BOOL_CONVERSION = YES;
				CLANG_WARN_CONSTANT_CONVERSION = YES;
				CLANG_WARN_DIRECT_OBJC_ISA_USAGE = YES_ERROR;
				CLANG_WARN_EMPTY_BODY = YES;
				CLANG_WARN_ENUM_CONVERSION = YES;
				CLANG_WARN_INT_CONVERSION = YES;
				CLANG_WARN_OBJC_ROOT_CLASS = YES_ERROR;
				CLANG_WARN_UNREACHABLE_CODE = YES;
				CLANG_WARN__DUPLICATE_METHOD_MATCH = YES;
				"CODE_SIGN_IDENTITY[sdk=iphoneos*]" = "iPhone Developer";
				COPY_PHASE_STRIP = NO;
				DEBUG_INFORMATION_FORMAT = "dwarf-with-dsym";
				ENABLE_STRICT_OBJC_MSGSEND = YES;
				GCC_C_LANGUAGE_STANDARD = gnu99;
				GCC_DYNAMIC_NO_PIC = NO;
				GCC_NO_COMMON_BLOCKS = YES;
				GCC_OPTIMIZATION_LEVEL = 0;
				GCC_PREPROCESSOR_DEFINITIONS = (
					"DEBUG=1",
					"$(inherited)",
				);
				GCC_SYMBOLS_PRIVATE_EXTERN = NO;
				GCC_WARN_64_TO_32_BIT_CONVERSION = YES;
				GCC_WARN_ABOUT_RETURN_TYPE = YES_ERROR;
				GCC_WARN_UNDECLARED_SELECTOR = YES;
				GCC_WARN_UNINITIALIZED_AUTOS = YES_AGGRESSIVE;
				GCC_WARN_UNUSED_FUNCTION = YES;
				GCC_WARN_UNUSED_VARIABLE = YES;
				IPHONEOS_DEPLOYMENT_TARGET = 8.4;
				MTL_ENABLE_DEBUG_INFO = YES;
				ONLY_ACTIVE_ARCH = YES;
				SDKROOT = iphoneos;
				TARGETED_DEVICE_FAMILY = "1,2";
			};
			name = Debug;
		};
		44F12A561B48E52A00812340 /* Release */ = {
			isa = XCBuildConfiguration;
			buildSettings = {
				ALWAYS_SEARCH_USER_PATHS = NO;
				CLANG_CXX_LANGUAGE_STANDARD = "gnu++0x";
				CLANG_CXX_LIBRARY = "libc++";
				CLANG_ENABLE_MODULES = YES;
				CLANG_ENABLE_OBJC_ARC = YES;
				CLANG_WARN_BOOL_CONVERSION = YES;
				CLANG_WARN_CONSTANT_CONVERSION = YES;
				CLANG_WARN_DIRECT_OBJC_ISA_USAGE = YES_ERROR;
				CLANG_WARN_EMPTY_BODY = YES;
				CLANG_WARN_ENUM_CONVERSION = YES;
				CLANG_WARN_INT_CONVERSION = YES;
				CLANG_WARN_OBJC_ROOT_CLASS = YES_ERROR;
				CLANG_WARN_UNREACHABLE_CODE = YES;
				CLANG_WARN__DUPLICATE_METHOD_MATCH = YES;
				"CODE_SIGN_IDENTITY[sdk=iphoneos*]" = "iPhone Developer";
				COPY_PHASE_STRIP = NO;
				DEBUG_INFORMATION_FORMAT = "dwarf-with-dsym";
				ENABLE_NS_ASSERTIONS = NO;
				ENABLE_STRICT_OBJC_MSGSEND = YES;
				GCC_C_LANGUAGE_STANDARD = gnu99;
				GCC_NO_COMMON_BLOCKS = YES;
				GCC_WARN_64_TO_32_BIT_CONVERSION = YES;
				GCC_WARN_ABOUT_RETURN_TYPE = YES_ERROR;
				GCC_WARN_UNDECLARED_SELECTOR = YES;
				GCC_WARN_UNINITIALIZED_AUTOS = YES_AGGRESSIVE;
				GCC_WARN_UNUSED_FUNCTION = YES;
				GCC_WARN_UNUSED_VARIABLE = YES;
				IPHONEOS_DEPLOYMENT_TARGET = 8.4;
				MTL_ENABLE_DEBUG_INFO = NO;
				SDKROOT = iphoneos;
				TARGETED_DEVICE_FAMILY = "1,2";
				VALIDATE_PRODUCT = YES;
			};
			name = Release;
		};
		44F12A581B48E52A00812340 /* Debug */ = {
			isa = XCBuildConfiguration;
			buildSettings = {
				CLANG_CXX_LANGUAGE_STANDARD = "compiler-default";
				CLANG_CXX_LIBRARY = "compiler-default";
				CODE_SIGN_IDENTITY = "iPhone Developer: haywood fu (74N2V268JF)";
				FRAMEWORK_SEARCH_PATHS = (
					"$(inherited)",
					"$(PROJECT_DIR)/Library/MSDKDns",
					"$(PROJECT_DIR)/MSDKDnsDemo",
					"$(PROJECT_DIR)$(LOCAL_LIBRARY_DIR)/MSDKDns",
				);
				GCC_INPUT_FILETYPE = sourcecode.cpp.objcpp;
				INFOPLIST_FILE = MSDKDnsDemo/Info.plist;
				IPHONEOS_DEPLOYMENT_TARGET = 6.0;
				LD_RUNPATH_SEARCH_PATHS = "$(inherited) @executable_path/Frameworks";
				OTHER_LDFLAGS = "-ObjC";
				PRODUCT_NAME = "$(TARGET_NAME)";
				PROVISIONING_PROFILE = "80e739e6-e362-4a36-ac7f-5989fe60ef8a";
			};
			name = Debug;
		};
		44F12A591B48E52A00812340 /* Release */ = {
			isa = XCBuildConfiguration;
			buildSettings = {
				CLANG_CXX_LANGUAGE_STANDARD = "compiler-default";
				CLANG_CXX_LIBRARY = "compiler-default";
				CODE_SIGN_IDENTITY = "iPhone Distribution: fu chunhui (5K7DJ7864W)";
				FRAMEWORK_SEARCH_PATHS = (
					"$(inherited)",
					"$(PROJECT_DIR)/Library/MSDKDns",
					"$(PROJECT_DIR)/MSDKDnsDemo",
					"$(PROJECT_DIR)$(LOCAL_LIBRARY_DIR)/MSDKDns",
				);
				GCC_INPUT_FILETYPE = sourcecode.cpp.objcpp;
				INFOPLIST_FILE = MSDKDnsDemo/Info.plist;
				IPHONEOS_DEPLOYMENT_TARGET = 6.0;
				LD_RUNPATH_SEARCH_PATHS = "$(inherited) @executable_path/Frameworks";
				OTHER_LDFLAGS = "-ObjC";
				PRODUCT_NAME = "$(TARGET_NAME)";
				PROVISIONING_PROFILE = "abf3d5f8-7de2-4de9-8fb1-dba3b89bd03d";
			};
			name = Release;
		};
		44F12A5B1B48E52A00812340 /* Debug */ = {
			isa = XCBuildConfiguration;
			buildSettings = {
				BUNDLE_LOADER = "$(TEST_HOST)";
				FRAMEWORK_SEARCH_PATHS = (
					"$(SDKROOT)/Developer/Library/Frameworks",
					"$(inherited)",
				);
				GCC_PREPROCESSOR_DEFINITIONS = (
					"DEBUG=1",
					"$(inherited)",
				);
				INFOPLIST_FILE = MSDKDnsDemoTests/Info.plist;
				LD_RUNPATH_SEARCH_PATHS = "$(inherited) @executable_path/Frameworks @loader_path/Frameworks";
				PRODUCT_NAME = "$(TARGET_NAME)";
				TEST_HOST = "$(BUILT_PRODUCTS_DIR)/MSDKDnsDemo.app/MSDKDnsDemo";
			};
			name = Debug;
		};
		44F12A5C1B48E52A00812340 /* Release */ = {
			isa = XCBuildConfiguration;
			buildSettings = {
				BUNDLE_LOADER = "$(TEST_HOST)";
				FRAMEWORK_SEARCH_PATHS = (
					"$(SDKROOT)/Developer/Library/Frameworks",
					"$(inherited)",
				);
				INFOPLIST_FILE = MSDKDnsDemoTests/Info.plist;
				LD_RUNPATH_SEARCH_PATHS = "$(inherited) @executable_path/Frameworks @loader_path/Frameworks";
				PRODUCT_NAME = "$(TARGET_NAME)";
				TEST_HOST = "$(BUILT_PRODUCTS_DIR)/MSDKDnsDemo.app/MSDKDnsDemo";
			};
			name = Release;
		};
		44F12A9A1B48EBC600812340 /* DailyBuild */ = {
			isa = XCBuildConfiguration;
			buildSettings = {
				ALWAYS_SEARCH_USER_PATHS = NO;
				CLANG_CXX_LANGUAGE_STANDARD = "gnu++0x";
				CLANG_CXX_LIBRARY = "libc++";
				CLANG_ENABLE_MODULES = YES;
				CLANG_ENABLE_OBJC_ARC = YES;
				CLANG_WARN_BOOL_CONVERSION = YES;
				CLANG_WARN_CONSTANT_CONVERSION = YES;
				CLANG_WARN_DIRECT_OBJC_ISA_USAGE = YES_ERROR;
				CLANG_WARN_EMPTY_BODY = YES;
				CLANG_WARN_ENUM_CONVERSION = YES;
				CLANG_WARN_INT_CONVERSION = YES;
				CLANG_WARN_OBJC_ROOT_CLASS = YES_ERROR;
				CLANG_WARN_UNREACHABLE_CODE = YES;
				CLANG_WARN__DUPLICATE_METHOD_MATCH = YES;
				"CODE_SIGN_IDENTITY[sdk=iphoneos*]" = "iPhone Developer";
				COPY_PHASE_STRIP = NO;
				DEBUG_INFORMATION_FORMAT = "dwarf-with-dsym";
				ENABLE_NS_ASSERTIONS = NO;
				ENABLE_STRICT_OBJC_MSGSEND = YES;
				GCC_C_LANGUAGE_STANDARD = gnu99;
				GCC_NO_COMMON_BLOCKS = YES;
				GCC_WARN_64_TO_32_BIT_CONVERSION = YES;
				GCC_WARN_ABOUT_RETURN_TYPE = YES_ERROR;
				GCC_WARN_UNDECLARED_SELECTOR = YES;
				GCC_WARN_UNINITIALIZED_AUTOS = YES_AGGRESSIVE;
				GCC_WARN_UNUSED_FUNCTION = YES;
				GCC_WARN_UNUSED_VARIABLE = YES;
				IPHONEOS_DEPLOYMENT_TARGET = 8.4;
				MTL_ENABLE_DEBUG_INFO = NO;
				SDKROOT = iphoneos;
				TARGETED_DEVICE_FAMILY = "1,2";
				VALIDATE_PRODUCT = YES;
			};
			name = DailyBuild;
		};
		44F12A9B1B48EBC600812340 /* DailyBuild */ = {
			isa = XCBuildConfiguration;
			buildSettings = {
				CLANG_CXX_LANGUAGE_STANDARD = "compiler-default";
				CLANG_CXX_LIBRARY = "compiler-default";
				CODE_SIGN_IDENTITY = "iPhone Distribution: Tencent Technology (Shenzhen) Co., Ltd";
				FRAMEWORK_SEARCH_PATHS = (
					"$(inherited)",
					"$(PROJECT_DIR)/Library/MSDKDns",
					"$(PROJECT_DIR)/MSDKDnsDemo",
					"$(PROJECT_DIR)$(LOCAL_LIBRARY_DIR)/MSDKDns",
				);
				GCC_INPUT_FILETYPE = sourcecode.cpp.objcpp;
				INFOPLIST_FILE = MSDKDnsDemo/Info.plist;
				IPHONEOS_DEPLOYMENT_TARGET = 6.0;
				LD_RUNPATH_SEARCH_PATHS = "$(inherited) @executable_path/Frameworks";
				OTHER_LDFLAGS = "-ObjC";
				PRODUCT_NAME = "$(TARGET_NAME)";
				PROVISIONING_PROFILE = "32d8f732-d114-494a-adda-1c2bdeec6d7e";
			};
			name = DailyBuild;
		};
		44F12A9C1B48EBC600812340 /* DailyBuild */ = {
			isa = XCBuildConfiguration;
			buildSettings = {
				BUNDLE_LOADER = "$(TEST_HOST)";
				FRAMEWORK_SEARCH_PATHS = (
					"$(SDKROOT)/Developer/Library/Frameworks",
					"$(inherited)",
				);
				INFOPLIST_FILE = MSDKDnsDemoTests/Info.plist;
				LD_RUNPATH_SEARCH_PATHS = "$(inherited) @executable_path/Frameworks @loader_path/Frameworks";
				PRODUCT_NAME = "$(TARGET_NAME)";
				TEST_HOST = "$(BUILT_PRODUCTS_DIR)/MSDKDnsDemo.app/MSDKDnsDemo";
			};
			name = DailyBuild;
		};
		44F12A9F1B48EC3000812340 /* Debug */ = {
			isa = XCBuildConfiguration;
			buildSettings = {
				IPHONEOS_DEPLOYMENT_TARGET = 5.1;
				PRODUCT_NAME = "$(TARGET_NAME)";
			};
			name = Debug;
		};
		44F12AA01B48EC3000812340 /* Release */ = {
			isa = XCBuildConfiguration;
			buildSettings = {
				IPHONEOS_DEPLOYMENT_TARGET = 5.1;
				PRODUCT_NAME = "$(TARGET_NAME)";
			};
			name = Release;
		};
		44F12AA11B48EC3000812340 /* DailyBuild */ = {
			isa = XCBuildConfiguration;
			buildSettings = {
				IPHONEOS_DEPLOYMENT_TARGET = 5.1;
				PRODUCT_NAME = "$(TARGET_NAME)";
			};
			name = DailyBuild;
		};
/* End XCBuildConfiguration section */

/* Begin XCConfigurationList section */
		44F12A2F1B48E52A00812340 /* Build configuration list for PBXProject "MSDKDnsDemo" */ = {
			isa = XCConfigurationList;
			buildConfigurations = (
				44F12A551B48E52A00812340 /* Debug */,
				44F12A561B48E52A00812340 /* Release */,
				44F12A9A1B48EBC600812340 /* DailyBuild */,
			);
			defaultConfigurationIsVisible = 0;
			defaultConfigurationName = Release;
		};
		44F12A571B48E52A00812340 /* Build configuration list for PBXNativeTarget "MSDKDnsDemo" */ = {
			isa = XCConfigurationList;
			buildConfigurations = (
				44F12A581B48E52A00812340 /* Debug */,
				44F12A591B48E52A00812340 /* Release */,
				44F12A9B1B48EBC600812340 /* DailyBuild */,
			);
			defaultConfigurationIsVisible = 0;
			defaultConfigurationName = Release;
		};
		44F12A5A1B48E52A00812340 /* Build configuration list for PBXNativeTarget "MSDKDnsDemoTests" */ = {
			isa = XCConfigurationList;
			buildConfigurations = (
				44F12A5B1B48E52A00812340 /* Debug */,
				44F12A5C1B48E52A00812340 /* Release */,
				44F12A9C1B48EBC600812340 /* DailyBuild */,
			);
			defaultConfigurationIsVisible = 0;
			defaultConfigurationName = Release;
		};
		44F12A9E1B48EC3000812340 /* Build configuration list for PBXAggregateTarget "dailybuildipa" */ = {
			isa = XCConfigurationList;
			buildConfigurations = (
				44F12A9F1B48EC3000812340 /* Debug */,
				44F12AA01B48EC3000812340 /* Release */,
				44F12AA11B48EC3000812340 /* DailyBuild */,
			);
			defaultConfigurationIsVisible = 0;
			defaultConfigurationName = Release;
		};
/* End XCConfigurationList section */
	};
	rootObject = 44F12A2C1B48E52A00812340 /* Project object */;
}
