// !$*UTF8*$!
{
	archiveVersion = 1;
	classes = {
	};
	objectVersion = 46;
	objects = {

/* Begin PBXAggregateTarget section */
		44F12A9D1B48EC3000812340 /* dailybuildipa */ = {
			isa = PBXAggregateTarget;
			buildConfigurationList = 44F12A9E1B48EC3000812340 /* Build configuration list for PBXAggregateTarget "dailybuildipa" */;
			buildPhases = (
				4473110C1B492439001EDBB2 /* ShellScript */,
			);
			dependencies = (
				4473110B1B49240F001EDBB2 /* PBXTargetDependency */,
			);
			name = dailybuildipa;
			productName = dailybuildipa;
		};
/* End PBXAggregateTarget section */

/* Begin PBXBuildFile section */
		4426DD531C29406A007D0A9E /* libz.tbd in Frameworks */ = {isa = PBXBuildFile; fileRef = 4426DD521C29406A007D0A9E /* libz.tbd */; };
		4426DD571C29407B007D0A9E /* libz.1.1.3.tbd in Frameworks */ = {isa = PBXBuildFile; fileRef = 4426DD561C29407B007D0A9E /* libz.1.1.3.tbd */; };
		4426DD5B1C29408A007D0A9E /* libxml2.tbd in Frameworks */ = {isa = PBXBuildFile; fileRef = 4426DD5A1C294089007D0A9E /* libxml2.tbd */; };
		4426DD6D1C2942B6007D0A9E /* libc++.tbd in Frameworks */ = {isa = PBXBuildFile; fileRef = 4426DD6C1C2942B6007D0A9E /* libc++.tbd */; };
		44F12A3A1B48E52A00812340 /* main.m in Sources */ = {isa = PBXBuildFile; fileRef = 44F12A391B48E52A00812340 /* main.m */; };
		44F12A3D1B48E52A00812340 /* AppDelegate.m in Sources */ = {isa = PBXBuildFile; fileRef = 44F12A3C1B48E52A00812340 /* AppDelegate.m */; };
		44F12A431B48E52A00812340 /* Main.storyboard in Resources */ = {isa = PBXBuildFile; fileRef = 44F12A411B48E52A00812340 /* Main.storyboard */; };
		44F12A451B48E52A00812340 /* Images.xcassets in Resources */ = {isa = PBXBuildFile; fileRef = 44F12A441B48E52A00812340 /* Images.xcassets */; };
		44F12A481B48E52A00812340 /* LaunchScreen.xib in Resources */ = {isa = PBXBuildFile; fileRef = 44F12A461B48E52A00812340 /* LaunchScreen.xib */; };
		44F12A541B48E52A00812340 /* MSDKDnsDemoTests.m in Sources */ = {isa = PBXBuildFile; fileRef = 44F12A531B48E52A00812340 /* MSDKDnsDemoTests.m */; };
		44F12A6F1B48E7A400812340 /* CoreTelephony.framework in Frameworks */ = {isa = PBXBuildFile; fileRef = 44F12A6E1B48E7A400812340 /* CoreTelephony.framework */; };
		44F12A711B48E7AB00812340 /* SystemConfiguration.framework in Frameworks */ = {isa = PBXBuildFile; fileRef = 44F12A701B48E7AB00812340 /* SystemConfiguration.framework */; };
		44F12A731B48E7B000812340 /* UIKit.framework in Frameworks */ = {isa = PBXBuildFile; fileRef = 44F12A721B48E7B000812340 /* UIKit.framework */; };
		44F12A751B48E7B600812340 /* Foundation.framework in Frameworks */ = {isa = PBXBuildFile; fileRef = 44F12A741B48E7B600812340 /* Foundation.framework */; };
		44F12A771B48E7BF00812340 /* CoreGraphics.framework in Frameworks */ = {isa = PBXBuildFile; fileRef = 44F12A761B48E7BF00812340 /* CoreGraphics.framework */; };
		44F12A791B48E7C600812340 /* MobileCoreServices.framework in Frameworks */ = {isa = PBXBuildFile; fileRef = 44F12A781B48E7C600812340 /* MobileCoreServices.framework */; };
		44F12A7D1B48E7D700812340 /* CFNetwork.framework in Frameworks */ = {isa = PBXBuildFile; fileRef = 44F12A7C1B48E7D700812340 /* CFNetwork.framework */; };
		44F12A7F1B48E7DE00812340 /* CoreData.framework in Frameworks */ = {isa = PBXBuildFile; fileRef = 44F12A7E1B48E7DE00812340 /* CoreData.framework */; };
		44F12A811B48E7E500812340 /* ImageIO.framework in Frameworks */ = {isa = PBXBuildFile; fileRef = 44F12A801B48E7E500812340 /* ImageIO.framework */; };
		44F12A831B48E7EC00812340 /* CoreText.framework in Frameworks */ = {isa = PBXBuildFile; fileRef = 44F12A821B48E7EC00812340 /* CoreText.framework */; };
		44F12A851B48E7F300812340 /* QuartzCore.framework in Frameworks */ = {isa = PBXBuildFile; fileRef = 44F12A841B48E7F300812340 /* QuartzCore.framework */; };
		44F12A871B48E7FE00812340 /* AdSupport.framework in Frameworks */ = {isa = PBXBuildFile; fileRef = 44F12A861B48E7FE00812340 /* AdSupport.framework */; };
		44F12A8A1B48E88500812340 /* CoreLocation.framework in Frameworks */ = {isa = PBXBuildFile; fileRef = 44F12A891B48E88500812340 /* CoreLocation.framework */; };
		44F12A8C1B48E8A800812340 /* Security.framework in Frameworks */ = {isa = PBXBuildFile; fileRef = 44F12A8B1B48E8A800812340 /* Security.framework */; };
		505FAED21D3E136F002C1C6D /* icon.png in Resources */ = {isa = PBXBuildFile; fileRef = 505FAED11D3E136F002C1C6D /* icon.png */; };
		509467661EAC915800F53427 /* launch.png in Resources */ = {isa = PBXBuildFile; fileRef = 509467651EAC915800F53427 /* launch.png */; };
		5F1332EB28FFECED00A22D2A /* libsqlite3.tbd in Frameworks */ = {isa = PBXBuildFile; fileRef = 4426DD581C294083007D0A9E /* libsqlite3.tbd */; };
		5F1A214C28C0AE810008E8FC /* SNIViewController.m in Sources */ = {isa = PBXBuildFile; fileRef = 5F1A214B28C0AE800008E8FC /* SNIViewController.m */; };
		5F7BDD682A5278B8008A8292 /* MSDKDns_C11.framework in Frameworks */ = {isa = PBXBuildFile; fileRef = 5F7BDD672A5278B8008A8292 /* MSDKDns_C11.framework */; };
		5F85CB9328B3A2A5003D20D1 /* HttpDnsViewController.m in Sources */ = {isa = PBXBuildFile; fileRef = 5F85CB9228B3A2A4003D20D1 /* HttpDnsViewController.m */; };
		5F85CB9728B3A368003D20D1 /* libz.tbd in Frameworks */ = {isa = PBXBuildFile; fileRef = 4426DD521C29406A007D0A9E /* libz.tbd */; };
		5F85CB9928B3A37B003D20D1 /* CoreFoundation.framework in Frameworks */ = {isa = PBXBuildFile; fileRef = 5F85CB9828B3A37B003D20D1 /* CoreFoundation.framework */; };
		5F85CB9A28B3A38B003D20D1 /* Security.framework in Frameworks */ = {isa = PBXBuildFile; fileRef = 44F12A8B1B48E8A800812340 /* Security.framework */; };
		5F85CB9B28B3A393003D20D1 /* Security.framework in Frameworks */ = {isa = PBXBuildFile; fileRef = 44F12A8B1B48E8A800812340 /* Security.framework */; };
/* End PBXBuildFile section */

/* Begin PBXContainerItemProxy section */
		4473110A1B49240F001EDBB2 /* PBXContainerItemProxy */ = {
			isa = PBXContainerItemProxy;
			containerPortal = 44F12A2C1B48E52A00812340 /* Project object */;
			proxyType = 1;
			remoteGlobalIDString = 44F12A331B48E52A00812340;
			remoteInfo = MSDKDnsDemo;
		};
		44F12A4E1B48E52A00812340 /* PBXContainerItemProxy */ = {
			isa = PBXContainerItemProxy;
			containerPortal = 44F12A2C1B48E52A00812340 /* Project object */;
			proxyType = 1;
			remoteGlobalIDString = 44F12A331B48E52A00812340;
			remoteInfo = MSDKDnsDemo;
		};
/* End PBXContainerItemProxy section */

/* Begin PBXCopyFilesBuildPhase section */
		5F02C61128D176FE00F31287 /* Embed Frameworks */ = {
			isa = PBXCopyFilesBuildPhase;
			buildActionMask = 2147483647;
			dstPath = "";
			dstSubfolderSpec = 10;
			files = (
			);
			name = "Embed Frameworks";
			runOnlyForDeploymentPostprocessing = 0;
		};
		E8717FEA26257AE8008C8E12 /* Embed PlugIns */ = {
			isa = PBXCopyFilesBuildPhase;
			buildActionMask = 2147483647;
			dstPath = "";
			dstSubfolderSpec = 13;
			files = (
			);
			name = "Embed PlugIns";
			runOnlyForDeploymentPostprocessing = 0;
		};
/* End PBXCopyFilesBuildPhase section */

/* Begin PBXFileReference section */
		4426DD501C294063007D0A9E /* libstdc++.6.0.9.tbd */ = {isa = PBXFileReference; lastKnownFileType = "sourcecode.text-based-dylib-definition"; name = "libstdc++.6.0.9.tbd"; path = "usr/lib/libstdc++.6.0.9.tbd"; sourceTree = SDKROOT; };
		4426DD521C29406A007D0A9E /* libz.tbd */ = {isa = PBXFileReference; lastKnownFileType = "sourcecode.text-based-dylib-definition"; name = libz.tbd; path = usr/lib/libz.tbd; sourceTree = SDKROOT; };
		4426DD541C294073007D0A9E /* libstdc++.tbd */ = {isa = PBXFileReference; lastKnownFileType = "sourcecode.text-based-dylib-definition"; name = "libstdc++.tbd"; path = "usr/lib/libstdc++.tbd"; sourceTree = SDKROOT; };
		4426DD561C29407B007D0A9E /* libz.1.1.3.tbd */ = {isa = PBXFileReference; lastKnownFileType = "sourcecode.text-based-dylib-definition"; name = libz.1.1.3.tbd; path = usr/lib/libz.1.1.3.tbd; sourceTree = SDKROOT; };
		4426DD581C294083007D0A9E /* libsqlite3.tbd */ = {isa = PBXFileReference; lastKnownFileType = "sourcecode.text-based-dylib-definition"; name = libsqlite3.tbd; path = usr/lib/libsqlite3.tbd; sourceTree = SDKROOT; };
		4426DD5A1C294089007D0A9E /* libxml2.tbd */ = {isa = PBXFileReference; lastKnownFileType = "sourcecode.text-based-dylib-definition"; name = libxml2.tbd; path = usr/lib/libxml2.tbd; sourceTree = SDKROOT; };
		4426DD6C1C2942B6007D0A9E /* libc++.tbd */ = {isa = PBXFileReference; lastKnownFileType = "sourcecode.text-based-dylib-definition"; name = "libc++.tbd"; path = "usr/lib/libc++.tbd"; sourceTree = SDKROOT; };
		44F12A341B48E52A00812340 /* MSDKDnsDemo.app */ = {isa = PBXFileReference; explicitFileType = wrapper.application; includeInIndex = 0; path = MSDKDnsDemo.app; sourceTree = BUILT_PRODUCTS_DIR; };
		44F12A381B48E52A00812340 /* Info.plist */ = {isa = PBXFileReference; lastKnownFileType = text.plist.xml; path = Info.plist; sourceTree = "<group>"; };
		44F12A391B48E52A00812340 /* main.m */ = {isa = PBXFileReference; lastKnownFileType = sourcecode.c.objc; path = main.m; sourceTree = "<group>"; };
		44F12A3B1B48E52A00812340 /* AppDelegate.h */ = {isa = PBXFileReference; lastKnownFileType = sourcecode.c.h; path = AppDelegate.h; sourceTree = "<group>"; };
		44F12A3C1B48E52A00812340 /* AppDelegate.m */ = {isa = PBXFileReference; lastKnownFileType = sourcecode.c.objc; path = AppDelegate.m; sourceTree = "<group>"; };
		44F12A421B48E52A00812340 /* Base */ = {isa = PBXFileReference; lastKnownFileType = file.storyboard; name = Base; path = Base.lproj/Main.storyboard; sourceTree = "<group>"; };
		44F12A441B48E52A00812340 /* Images.xcassets */ = {isa = PBXFileReference; lastKnownFileType = folder.assetcatalog; path = Images.xcassets; sourceTree = "<group>"; };
		44F12A471B48E52A00812340 /* Base */ = {isa = PBXFileReference; lastKnownFileType = file.xib; name = Base; path = Base.lproj/LaunchScreen.xib; sourceTree = "<group>"; };
		44F12A4D1B48E52A00812340 /* MSDKDnsDemoTests.xctest */ = {isa = PBXFileReference; explicitFileType = wrapper.cfbundle; includeInIndex = 0; path = MSDKDnsDemoTests.xctest; sourceTree = BUILT_PRODUCTS_DIR; };
		44F12A531B48E52A00812340 /* MSDKDnsDemoTests.m */ = {isa = PBXFileReference; lastKnownFileType = sourcecode.c.objc; path = MSDKDnsDemoTests.m; sourceTree = "<group>"; };
		44F12A6E1B48E7A400812340 /* CoreTelephony.framework */ = {isa = PBXFileReference; lastKnownFileType = wrapper.framework; name = CoreTelephony.framework; path = System/Library/Frameworks/CoreTelephony.framework; sourceTree = SDKROOT; };
		44F12A701B48E7AB00812340 /* SystemConfiguration.framework */ = {isa = PBXFileReference; lastKnownFileType = wrapper.framework; name = SystemConfiguration.framework; path = System/Library/Frameworks/SystemConfiguration.framework; sourceTree = SDKROOT; };
		44F12A721B48E7B000812340 /* UIKit.framework */ = {isa = PBXFileReference; lastKnownFileType = wrapper.framework; name = UIKit.framework; path = System/Library/Frameworks/UIKit.framework; sourceTree = SDKROOT; };
		44F12A741B48E7B600812340 /* Foundation.framework */ = {isa = PBXFileReference; lastKnownFileType = wrapper.framework; name = Foundation.framework; path = System/Library/Frameworks/Foundation.framework; sourceTree = SDKROOT; };
		44F12A761B48E7BF00812340 /* CoreGraphics.framework */ = {isa = PBXFileReference; lastKnownFileType = wrapper.framework; name = CoreGraphics.framework; path = System/Library/Frameworks/CoreGraphics.framework; sourceTree = SDKROOT; };
		44F12A781B48E7C600812340 /* MobileCoreServices.framework */ = {isa = PBXFileReference; lastKnownFileType = wrapper.framework; name = MobileCoreServices.framework; path = System/Library/Frameworks/MobileCoreServices.framework; sourceTree = SDKROOT; };
		44F12A7C1B48E7D700812340 /* CFNetwork.framework */ = {isa = PBXFileReference; lastKnownFileType = wrapper.framework; name = CFNetwork.framework; path = System/Library/Frameworks/CFNetwork.framework; sourceTree = SDKROOT; };
		44F12A7E1B48E7DE00812340 /* CoreData.framework */ = {isa = PBXFileReference; lastKnownFileType = wrapper.framework; name = CoreData.framework; path = System/Library/Frameworks/CoreData.framework; sourceTree = SDKROOT; };
		44F12A801B48E7E500812340 /* ImageIO.framework */ = {isa = PBXFileReference; lastKnownFileType = wrapper.framework; name = ImageIO.framework; path = System/Library/Frameworks/ImageIO.framework; sourceTree = SDKROOT; };
		44F12A821B48E7EC00812340 /* CoreText.framework */ = {isa = PBXFileReference; lastKnownFileType = wrapper.framework; name = CoreText.framework; path = System/Library/Frameworks/CoreText.framework; sourceTree = SDKROOT; };
		44F12A841B48E7F300812340 /* QuartzCore.framework */ = {isa = PBXFileReference; lastKnownFileType = wrapper.framework; name = QuartzCore.framework; path = System/Library/Frameworks/QuartzCore.framework; sourceTree = SDKROOT; };
		44F12A861B48E7FE00812340 /* AdSupport.framework */ = {isa = PBXFileReference; lastKnownFileType = wrapper.framework; name = AdSupport.framework; path = System/Library/Frameworks/AdSupport.framework; sourceTree = SDKROOT; };
		44F12A891B48E88500812340 /* CoreLocation.framework */ = {isa = PBXFileReference; lastKnownFileType = wrapper.framework; name = CoreLocation.framework; path = System/Library/Frameworks/CoreLocation.framework; sourceTree = SDKROOT; };
		44F12A8B1B48E8A800812340 /* Security.framework */ = {isa = PBXFileReference; lastKnownFileType = wrapper.framework; name = Security.framework; path = System/Library/Frameworks/Security.framework; sourceTree = SDKROOT; };
		504F54421ECB02D4001BD7A9 /* SNIViewController.h */ = {isa = PBXFileReference; fileEncoding = 4; lastKnownFileType = sourcecode.c.h; path = SNIViewController.h; sourceTree = "<group>"; };
		505FAED11D3E136F002C1C6D /* icon.png */ = {isa = PBXFileReference; lastKnownFileType = image.png; path = icon.png; sourceTree = "<group>"; };
		505FAEE21D3E138A002C1C6D /* HttpDnsViewController.h */ = {isa = PBXFileReference; fileEncoding = 4; lastKnownFileType = sourcecode.c.h; path = HttpDnsViewController.h; sourceTree = "<group>"; };
		509467651EAC915800F53427 /* launch.png */ = {isa = PBXFileReference; lastKnownFileType = image.png; path = launch.png; sourceTree = "<group>"; };
		50A0FEDE1D0E8C6A004C502B /* BeaconAPI_Base.framework */ = {isa = PBXFileReference; lastKnownFileType = wrapper.framework; path = BeaconAPI_Base.framework; sourceTree = "<group>"; };
		5F1A214B28C0AE800008E8FC /* SNIViewController.m */ = {isa = PBXFileReference; fileEncoding = 4; lastKnownFileType = sourcecode.c.objc; path = SNIViewController.m; sourceTree = "<group>"; };
		5F5DAF5428A602AD00BF5B79 /* testConfig.h */ = {isa = PBXFileReference; lastKnownFileType = sourcecode.c.h; path = testConfig.h; sourceTree = "<group>"; };
		5F7BDD672A5278B8008A8292 /* MSDKDns_C11.framework */ = {isa = PBXFileReference; lastKnownFileType = wrapper.framework; name = MSDKDns_C11.framework; path = "../../../../../Library/Developer/Xcode/DerivedData/sdkWorkspace-fzwspzfjxkyulaczlxnxaymfxjfm/Build/Products/Debug-iphoneos/MSDKDns_C11.framework"; sourceTree = "<group>"; };
		5F85CB9228B3A2A4003D20D1 /* HttpDnsViewController.m */ = {isa = PBXFileReference; fileEncoding = 4; lastKnownFileType = sourcecode.c.objc; path = HttpDnsViewController.m; sourceTree = "<group>"; };
		5F85CB9828B3A37B003D20D1 /* CoreFoundation.framework */ = {isa = PBXFileReference; lastKnownFileType = wrapper.framework; name = CoreFoundation.framework; path = System/Library/Frameworks/CoreFoundation.framework; sourceTree = SDKROOT; };
/* End PBXFileReference section */

/* Begin PBXFrameworksBuildPhase section */
		44F12A311B48E52A00812340 /* Frameworks */ = {
			isa = PBXFrameworksBuildPhase;
			buildActionMask = 2147483647;
			files = (
				5F1332EB28FFECED00A22D2A /* libsqlite3.tbd in Frameworks */,
				5F85CB9A28B3A38B003D20D1 /* Security.framework in Frameworks */,
				4426DD6D1C2942B6007D0A9E /* libc++.tbd in Frameworks */,
				4426DD5B1C29408A007D0A9E /* libxml2.tbd in Frameworks */,
				4426DD571C29407B007D0A9E /* libz.1.1.3.tbd in Frameworks */,
				4426DD531C29406A007D0A9E /* libz.tbd in Frameworks */,
				44F12A8C1B48E8A800812340 /* Security.framework in Frameworks */,
				44F12A8A1B48E88500812340 /* CoreLocation.framework in Frameworks */,
				44F12A871B48E7FE00812340 /* AdSupport.framework in Frameworks */,
				5F7BDD682A5278B8008A8292 /* MSDKDns_C11.framework in Frameworks */,
				44F12A851B48E7F300812340 /* QuartzCore.framework in Frameworks */,
				44F12A831B48E7EC00812340 /* CoreText.framework in Frameworks */,
				44F12A811B48E7E500812340 /* ImageIO.framework in Frameworks */,
				44F12A7F1B48E7DE00812340 /* CoreData.framework in Frameworks */,
				44F12A7D1B48E7D700812340 /* CFNetwork.framework in Frameworks */,
				5F85CB9728B3A368003D20D1 /* libz.tbd in Frameworks */,
				44F12A791B48E7C600812340 /* MobileCoreServices.framework in Frameworks */,
				5F85CB9B28B3A393003D20D1 /* Security.framework in Frameworks */,
				44F12A771B48E7BF00812340 /* CoreGraphics.framework in Frameworks */,
				44F12A751B48E7B600812340 /* Foundation.framework in Frameworks */,
				5F85CB9928B3A37B003D20D1 /* CoreFoundation.framework in Frameworks */,
				44F12A731B48E7B000812340 /* UIKit.framework in Frameworks */,
				44F12A711B48E7AB00812340 /* SystemConfiguration.framework in Frameworks */,
				44F12A6F1B48E7A400812340 /* CoreTelephony.framework in Frameworks */,
			);
			runOnlyForDeploymentPostprocessing = 0;
		};
		44F12A4A1B48E52A00812340 /* Frameworks */ = {
			isa = PBXFrameworksBuildPhase;
			buildActionMask = 2147483647;
			files = (
			);
			runOnlyForDeploymentPostprocessing = 0;
		};
/* End PBXFrameworksBuildPhase section */

/* Begin PBXGroup section */
		2F3B2A7125F21C28004A70B9 /* Frameworks */ = {
			isa = PBXGroup;
			children = (
				5F85CB9828B3A37B003D20D1 /* CoreFoundation.framework */,
				5F7BDD672A5278B8008A8292 /* MSDKDns_C11.framework */,
			);
			name = Frameworks;
			sourceTree = "<group>";
		};
		44AF5FE31B96EB97001B2E65 /* images */ = {
			isa = PBXGroup;
			children = (
				505FAED11D3E136F002C1C6D /* icon.png */,
				509467651EAC915800F53427 /* launch.png */,
			);
			path = images;
			sourceTree = "<group>";
		};
		44F12A2B1B48E52A00812340 = {
			isa = PBXGroup;
			children = (
				44F12A361B48E52A00812340 /* MSDKDnsDemo */,
				44F12A501B48E52A00812340 /* MSDKDnsDemoTests */,
				44F12A351B48E52A00812340 /* Products */,
				2F3B2A7125F21C28004A70B9 /* Frameworks */,
			);
			sourceTree = "<group>";
		};
		44F12A351B48E52A00812340 /* Products */ = {
			isa = PBXGroup;
			children = (
				44F12A341B48E52A00812340 /* MSDKDnsDemo.app */,
				44F12A4D1B48E52A00812340 /* MSDKDnsDemoTests.xctest */,
			);
			name = Products;
			sourceTree = "<group>";
		};
		44F12A361B48E52A00812340 /* MSDKDnsDemo */ = {
			isa = PBXGroup;
			children = (
				44F12A881B48E80400812340 /* Librarys */,
				44F12A3B1B48E52A00812340 /* AppDelegate.h */,
				44F12A3C1B48E52A00812340 /* AppDelegate.m */,
				505FAEE21D3E138A002C1C6D /* HttpDnsViewController.h */,
				5F85CB9228B3A2A4003D20D1 /* HttpDnsViewController.m */,
				504F54421ECB02D4001BD7A9 /* SNIViewController.h */,
				5F1A214B28C0AE800008E8FC /* SNIViewController.m */,
				44F12A411B48E52A00812340 /* Main.storyboard */,
				44F12A441B48E52A00812340 /* Images.xcassets */,
				44F12A461B48E52A00812340 /* LaunchScreen.xib */,
				44AF5FE31B96EB97001B2E65 /* images */,
				44F12A371B48E52A00812340 /* Supporting Files */,
			);
			path = MSDKDnsDemo;
			sourceTree = "<group>";
		};
		44F12A371B48E52A00812340 /* Supporting Files */ = {
			isa = PBXGroup;
			children = (
				44F12A381B48E52A00812340 /* Info.plist */,
				44F12A391B48E52A00812340 /* main.m */,
			);
			name = "Supporting Files";
			sourceTree = "<group>";
		};
		44F12A501B48E52A00812340 /* MSDKDnsDemoTests */ = {
			isa = PBXGroup;
			children = (
				5F5DAF5428A602AD00BF5B79 /* testConfig.h */,
				44F12A531B48E52A00812340 /* MSDKDnsDemoTests.m */,
			);
			path = MSDKDnsDemoTests;
			sourceTree = "<group>";
		};
		44F12A881B48E80400812340 /* Librarys */ = {
			isa = PBXGroup;
			children = (
				4426DD6C1C2942B6007D0A9E /* libc++.tbd */,
				4426DD5A1C294089007D0A9E /* libxml2.tbd */,
				4426DD581C294083007D0A9E /* libsqlite3.tbd */,
				4426DD561C29407B007D0A9E /* libz.1.1.3.tbd */,
				4426DD541C294073007D0A9E /* libstdc++.tbd */,
				4426DD521C29406A007D0A9E /* libz.tbd */,
				4426DD501C294063007D0A9E /* libstdc++.6.0.9.tbd */,
				50A0FEDE1D0E8C6A004C502B /* BeaconAPI_Base.framework */,
				44F12A861B48E7FE00812340 /* AdSupport.framework */,
				44F12A841B48E7F300812340 /* QuartzCore.framework */,
				44F12A821B48E7EC00812340 /* CoreText.framework */,
				44F12A801B48E7E500812340 /* ImageIO.framework */,
				44F12A7E1B48E7DE00812340 /* CoreData.framework */,
				44F12A7C1B48E7D700812340 /* CFNetwork.framework */,
				44F12A781B48E7C600812340 /* MobileCoreServices.framework */,
				44F12A761B48E7BF00812340 /* CoreGraphics.framework */,
				44F12A741B48E7B600812340 /* Foundation.framework */,
				44F12A721B48E7B000812340 /* UIKit.framework */,
				44F12A701B48E7AB00812340 /* SystemConfiguration.framework */,
				44F12A6E1B48E7A400812340 /* CoreTelephony.framework */,
				44F12A8B1B48E8A800812340 /* Security.framework */,
				44F12A891B48E88500812340 /* CoreLocation.framework */,
			);
			name = Librarys;
			sourceTree = "<group>";
		};
/* End PBXGroup section */

/* Begin PBXNativeTarget section */
		44F12A331B48E52A00812340 /* MSDKDnsDemo */ = {
			isa = PBXNativeTarget;
			buildConfigurationList = 44F12A571B48E52A00812340 /* Build configuration list for PBXNativeTarget "MSDKDnsDemo" */;
			buildPhases = (
				44F12A301B48E52A00812340 /* Sources */,
				44F12A311B48E52A00812340 /* Frameworks */,
				44F12A321B48E52A00812340 /* Resources */,
				E8717FEA26257AE8008C8E12 /* Embed PlugIns */,
				5F02C61128D176FE00F31287 /* Embed Frameworks */,
			);
			buildRules = (
			);
			dependencies = (
			);
			name = MSDKDnsDemo;
			productName = MSDKDnsDemo;
			productReference = 44F12A341B48E52A00812340 /* MSDKDnsDemo.app */;
			productType = "com.apple.product-type.application";
		};
		44F12A4C1B48E52A00812340 /* MSDKDnsDemoTests */ = {
			isa = PBXNativeTarget;
			buildConfigurationList = 44F12A5A1B48E52A00812340 /* Build configuration list for PBXNativeTarget "MSDKDnsDemoTests" */;
			buildPhases = (
				44F12A491B48E52A00812340 /* Sources */,
				44F12A4A1B48E52A00812340 /* Frameworks */,
				44F12A4B1B48E52A00812340 /* Resources */,
			);
			buildRules = (
			);
			dependencies = (
				44F12A4F1B48E52A00812340 /* PBXTargetDependency */,
			);
			name = MSDKDnsDemoTests;
			productName = MSDKDnsDemoTests;
			productReference = 44F12A4D1B48E52A00812340 /* MSDKDnsDemoTests.xctest */;
			productType = "com.apple.product-type.bundle.unit-test";
		};
/* End PBXNativeTarget section */

/* Begin PBXProject section */
		44F12A2C1B48E52A00812340 /* Project object */ = {
			isa = PBXProject;
			attributes = {
				LastUpgradeCheck = 1310;
				ORGANIZATIONNAME = Tencent;
				TargetAttributes = {
					44F12A331B48E52A00812340 = {
						CreatedOnToolsVersion = 6.4;
						DevelopmentTeam = FN2V63AD2J;
						ProvisioningStyle = Manual;
					};
					44F12A4C1B48E52A00812340 = {
						CreatedOnToolsVersion = 6.4;
						TestTargetID = 44F12A331B48E52A00812340;
					};
					44F12A9D1B48EC3000812340 = {
						CreatedOnToolsVersion = 6.4;
					};
				};
			};
			buildConfigurationList = 44F12A2F1B48E52A00812340 /* Build configuration list for PBXProject "MSDKDnsDemo" */;
			compatibilityVersion = "Xcode 3.2";
			developmentRegion = en;
			hasScannedForEncodings = 0;
			knownRegions = (
				en,
				Base,
			);
			mainGroup = 44F12A2B1B48E52A00812340;
			productRefGroup = 44F12A351B48E52A00812340 /* Products */;
			projectDirPath = "";
			projectRoot = "";
			targets = (
				44F12A331B48E52A00812340 /* MSDKDnsDemo */,
				44F12A4C1B48E52A00812340 /* MSDKDnsDemoTests */,
				44F12A9D1B48EC3000812340 /* dailybuildipa */,
			);
		};
/* End PBXProject section */

/* Begin PBXResourcesBuildPhase section */
		44F12A321B48E52A00812340 /* Resources */ = {
			isa = PBXResourcesBuildPhase;
			buildActionMask = 2147483647;
			files = (
				505FAED21D3E136F002C1C6D /* icon.png in Resources */,
				509467661EAC915800F53427 /* launch.png in Resources */,
				44F12A431B48E52A00812340 /* Main.storyboard in Resources */,
				44F12A481B48E52A00812340 /* LaunchScreen.xib in Resources */,
				44F12A451B48E52A00812340 /* Images.xcassets in Resources */,
			);
			runOnlyForDeploymentPostprocessing = 0;
		};
		44F12A4B1B48E52A00812340 /* Resources */ = {
			isa = PBXResourcesBuildPhase;
			buildActionMask = 2147483647;
			files = (
			);
			runOnlyForDeploymentPostprocessing = 0;
		};
/* End PBXResourcesBuildPhase section */

/* Begin PBXShellScriptBuildPhase section */
		4473110C1B492439001EDBB2 /* ShellScript */ = {
			isa = PBXShellScriptBuildPhase;
			buildActionMask = 2147483647;
			files = (
			);
			inputPaths = (
			);
			outputPaths = (
			);
			runOnlyForDeploymentPostprocessing = 0;
			shellPath = /bin/sh;
			shellScript = "# compress application.\n\n/bin/mkdir $CONFIGURATION_BUILD_DIR/Payload\n/bin/mkdir $CONFIGURATION_BUILD_DIR/iTunesArtwork\n\n/bin/cp -R $CONFIGURATION_BUILD_DIR/MSDKDnsDemo.app $CONFIGURATION_BUILD_DIR/Payload\n\n# /bin/cp images/logo_itunes.png $CONFIGURATION_BUILD_DIR/iTunesArtwork\n\ncd $CONFIGURATION_BUILD_DIR\n\n# zip up the WGFrameworkDemo directory\n\n/usr/bin/zip -r MSDKDnsDemo.ipa Payload iTunesArtwork\n\n";
		};
/* End PBXShellScriptBuildPhase section */

/* Begin PBXSourcesBuildPhase section */
		44F12A301B48E52A00812340 /* Sources */ = {
			isa = PBXSourcesBuildPhase;
			buildActionMask = 2147483647;
			files = (
				5F85CB9328B3A2A5003D20D1 /* HttpDnsViewController.m in Sources */,
				44F12A3D1B48E52A00812340 /* AppDelegate.m in Sources */,
				44F12A3A1B48E52A00812340 /* main.m in Sources */,
				5F1A214C28C0AE810008E8FC /* SNIViewController.m in Sources */,
			);
			runOnlyForDeploymentPostprocessing = 0;
		};
		44F12A491B48E52A00812340 /* Sources */ = {
			isa = PBXSourcesBuildPhase;
			buildActionMask = 2147483647;
			files = (
				44F12A541B48E52A00812340 /* MSDKDnsDemoTests.m in Sources */,
			);
			runOnlyForDeploymentPostprocessing = 0;
		};
/* End PBXSourcesBuildPhase section */

/* Begin PBXTargetDependency section */
		4473110B1B49240F001EDBB2 /* PBXTargetDependency */ = {
			isa = PBXTargetDependency;
			target = 44F12A331B48E52A00812340 /* MSDKDnsDemo */;
			targetProxy = 4473110A1B49240F001EDBB2 /* PBXContainerItemProxy */;
		};
		44F12A4F1B48E52A00812340 /* PBXTargetDependency */ = {
			isa = PBXTargetDependency;
			target = 44F12A331B48E52A00812340 /* MSDKDnsDemo */;
			targetProxy = 44F12A4E1B48E52A00812340 /* PBXContainerItemProxy */;
		};
/* End PBXTargetDependency section */

/* Begin PBXVariantGroup section */
		44F12A411B48E52A00812340 /* Main.storyboard */ = {
			isa = PBXVariantGroup;
			children = (
				44F12A421B48E52A00812340 /* Base */,
			);
			name = Main.storyboard;
			sourceTree = "<group>";
		};
		44F12A461B48E52A00812340 /* LaunchScreen.xib */ = {
			isa = PBXVariantGroup;
			children = (
				44F12A471B48E52A00812340 /* Base */,
			);
			name = LaunchScreen.xib;
			sourceTree = "<group>";
		};
/* End PBXVariantGroup section */

/* Begin XCBuildConfiguration section */
		44F12A551B48E52A00812340 /* Debug */ = {
			isa = XCBuildConfiguration;
			buildSettings = {
				ALWAYS_SEARCH_USER_PATHS = NO;
				CLANG_CXX_LANGUAGE_STANDARD = "gnu++0x";
				CLANG_CXX_LIBRARY = "libc++";
				CLANG_ENABLE_MODULES = YES;
				CLANG_ENABLE_OBJC_ARC = YES;
				CLANG_WARN_BOOL_CONVERSION = YES;
				CLANG_WARN_CONSTANT_CONVERSION = YES;
				CLANG_WARN_DIRECT_OBJC_ISA_USAGE = YES_ERROR;
				CLANG_WARN_EMPTY_BODY = YES;
				CLANG_WARN_ENUM_CONVERSION = YES;
				CLANG_WARN_INT_CONVERSION = YES;
				CLANG_WARN_OBJC_ROOT_CLASS = YES_ERROR;
				CLANG_WARN_UNREACHABLE_CODE = YES;
				CLANG_WARN__DUPLICATE_METHOD_MATCH = YES;
				"CODE_SIGN_IDENTITY[sdk=iphoneos*]" = "iPhone Developer";
				COPY_PHASE_STRIP = NO;
				DEBUG_INFORMATION_FORMAT = "dwarf-with-dsym";
				ENABLE_STRICT_OBJC_MSGSEND = YES;
				GCC_C_LANGUAGE_STANDARD = gnu99;
				GCC_DYNAMIC_NO_PIC = NO;
				GCC_NO_COMMON_BLOCKS = YES;
				GCC_OPTIMIZATION_LEVEL = 0;
				GCC_PREPROCESSOR_DEFINITIONS = (
					"DEBUG=1",
					"$(inherited)",
				);
				GCC_SYMBOLS_PRIVATE_EXTERN = NO;
				GCC_WARN_64_TO_32_BIT_CONVERSION = YES;
				GCC_WARN_ABOUT_RETURN_TYPE = YES_ERROR;
				GCC_WARN_UNDECLARED_SELECTOR = YES;
				GCC_WARN_UNINITIALIZED_AUTOS = YES_AGGRESSIVE;
				GCC_WARN_UNUSED_FUNCTION = YES;
				GCC_WARN_UNUSED_VARIABLE = YES;
				IPHONEOS_DEPLOYMENT_TARGET = 12.0;
				MTL_ENABLE_DEBUG_INFO = YES;
				ONLY_ACTIVE_ARCH = YES;
				SDKROOT = iphoneos;
				TARGETED_DEVICE_FAMILY = "1,2";
			};
			name = Debug;
		};
		44F12A561B48E52A00812340 /* Release */ = {
			isa = XCBuildConfiguration;
			buildSettings = {
				ALWAYS_SEARCH_USER_PATHS = NO;
				CLANG_CXX_LANGUAGE_STANDARD = "gnu++0x";
				CLANG_CXX_LIBRARY = "libc++";
				CLANG_ENABLE_MODULES = YES;
				CLANG_ENABLE_OBJC_ARC = YES;
				CLANG_WARN_BOOL_CONVERSION = YES;
				CLANG_WARN_CONSTANT_CONVERSION = YES;
				CLANG_WARN_DIRECT_OBJC_ISA_USAGE = YES_ERROR;
				CLANG_WARN_EMPTY_BODY = YES;
				CLANG_WARN_ENUM_CONVERSION = YES;
				CLANG_WARN_INT_CONVERSION = YES;
				CLANG_WARN_OBJC_ROOT_CLASS = YES_ERROR;
				CLANG_WARN_UNREACHABLE_CODE = YES;
				CLANG_WARN__DUPLICATE_METHOD_MATCH = YES;
				"CODE_SIGN_IDENTITY[sdk=iphoneos*]" = "iPhone Developer";
				COPY_PHASE_STRIP = NO;
				DEBUG_INFORMATION_FORMAT = "dwarf-with-dsym";
				ENABLE_NS_ASSERTIONS = NO;
				ENABLE_STRICT_OBJC_MSGSEND = YES;
				GCC_C_LANGUAGE_STANDARD = gnu99;
				GCC_NO_COMMON_BLOCKS = YES;
				GCC_WARN_64_TO_32_BIT_CONVERSION = YES;
				GCC_WARN_ABOUT_RETURN_TYPE = YES_ERROR;
				GCC_WARN_UNDECLARED_SELECTOR = YES;
				GCC_WARN_UNINITIALIZED_AUTOS = YES_AGGRESSIVE;
				GCC_WARN_UNUSED_FUNCTION = YES;
				GCC_WARN_UNUSED_VARIABLE = YES;
				IPHONEOS_DEPLOYMENT_TARGET = 12.0;
				MTL_ENABLE_DEBUG_INFO = NO;
				SDKROOT = iphoneos;
				TARGETED_DEVICE_FAMILY = "1,2";
				VALIDATE_PRODUCT = YES;
			};
			name = Release;
		};
		44F12A581B48E52A00812340 /* Debug */ = {
			isa = XCBuildConfiguration;
			buildSettings = {
				CLANG_CXX_LANGUAGE_STANDARD = "gnu++0x";
				CLANG_CXX_LIBRARY = "compiler-default";
				CODE_SIGN_IDENTITY = "iPhone Developer";
				CODE_SIGN_STYLE = Manual;
				DEVELOPMENT_TEAM = FN2V63AD2J;
				ENABLE_BITCODE = NO;
				FRAMEWORK_SEARCH_PATHS = (
					"$(inherited)",
					"$(PROJECT_DIR)/MSDKDnsDemo",
					"$(PROJECT_DIR)/../MSDKDns",
					"$(PROJECT_DIR)",
					"$(PROJECT_DIR)/../**",
				);
				GCC_INPUT_FILETYPE = sourcecode.cpp.objcpp;
				HEADER_SEARCH_PATHS = "";
				INFOPLIST_FILE = MSDKDnsDemo/Info.plist;
				IPHONEOS_DEPLOYMENT_TARGET = 9.0;
				LD_RUNPATH_SEARCH_PATHS = "$(inherited) @executable_path/Frameworks $(PROJECT_DIR)/../..";
				ONLY_ACTIVE_ARCH = YES;
				OTHER_LDFLAGS = (
					"-ObjC",
					"-all_load",
				);
				PRODUCT_BUNDLE_IDENTIFIER = com.tencent.httpdnsdemo;
				PRODUCT_NAME = "$(TARGET_NAME)";
				PROVISIONING_PROFILE = "";
				PROVISIONING_PROFILE_SPECIFIER = com.tencent.httpdnsdemo_Development_SignProvision;
			};
			name = Debug;
		};
		44F12A591B48E52A00812340 /* Release */ = {
			isa = XCBuildConfiguration;
			buildSettings = {
				CLANG_CXX_LANGUAGE_STANDARD = "gnu++0x";
				CLANG_CXX_LIBRARY = "compiler-default";
				CODE_SIGN_IDENTITY = "iPhone Developer";
				CODE_SIGN_STYLE = Manual;
				DEVELOPMENT_TEAM = FN2V63AD2J;
				ENABLE_BITCODE = NO;
				FRAMEWORK_SEARCH_PATHS = (
					"$(inherited)",
					"$(PROJECT_DIR)/MSDKDnsDemo",
					"$(PROJECT_DIR)/../MSDKDns",
					"$(PROJECT_DIR)",
					"$(PROJECT_DIR)/../**",
				);
				GCC_INPUT_FILETYPE = sourcecode.cpp.objcpp;
				HEADER_SEARCH_PATHS = "";
				INFOPLIST_FILE = MSDKDnsDemo/Info.plist;
				IPHONEOS_DEPLOYMENT_TARGET = 9.0;
				LD_RUNPATH_SEARCH_PATHS = "$(inherited) @executable_path/Frameworks $(PROJECT_DIR)/../..";
				ONLY_ACTIVE_ARCH = YES;
				OTHER_LDFLAGS = (
					"-ObjC",
					"-all_load",
				);
				PRODUCT_BUNDLE_IDENTIFIER = com.tencent.httpdnsdemo;
				PRODUCT_NAME = "$(TARGET_NAME)";
				PROVISIONING_PROFILE = "";
				PROVISIONING_PROFILE_SPECIFIER = com.tencent.httpdnsdemo_Development_SignProvision;
			};
			name = Release;
		};
		44F12A5B1B48E52A00812340 /* Debug */ = {
			isa = XCBuildConfiguration;
			buildSettings = {
				BUNDLE_LOADER = "$(TEST_HOST)";
				DEVELOPMENT_TEAM = "";
				FRAMEWORK_SEARCH_PATHS = (
					"$(SDKROOT)/Developer/Library/Frameworks",
					"$(inherited)",
				);
				GCC_INPUT_FILETYPE = sourcecode.cpp.objcpp;
				GCC_PREPROCESSOR_DEFINITIONS = (
					"DEBUG=1",
					"$(inherited)",
				);
				INFOPLIST_FILE = MSDKDnsDemoTests/Info.plist;
				LD_RUNPATH_SEARCH_PATHS = "$(inherited) @executable_path/Frameworks @loader_path/Frameworks";
				PRODUCT_NAME = "$(TARGET_NAME)";
				TEST_HOST = "$(BUILT_PRODUCTS_DIR)/MSDKDnsDemo.app/MSDKDnsDemo";
			};
			name = Debug;
		};
		44F12A5C1B48E52A00812340 /* Release */ = {
			isa = XCBuildConfiguration;
			buildSettings = {
				BUNDLE_LOADER = "$(TEST_HOST)";
				DEVELOPMENT_TEAM = "";
				FRAMEWORK_SEARCH_PATHS = (
					"$(SDKROOT)/Developer/Library/Frameworks",
					"$(inherited)",
				);
				GCC_INPUT_FILETYPE = sourcecode.cpp.objcpp;
				INFOPLIST_FILE = MSDKDnsDemoTests/Info.plist;
				LD_RUNPATH_SEARCH_PATHS = "$(inherited) @executable_path/Frameworks @loader_path/Frameworks";
				PRODUCT_NAME = "$(TARGET_NAME)";
				TEST_HOST = "$(BUILT_PRODUCTS_DIR)/MSDKDnsDemo.app/MSDKDnsDemo";
			};
			name = Release;
		};
		44F12A9A1B48EBC600812340 /* DailyBuild */ = {
			isa = XCBuildConfiguration;
			buildSettings = {
				ALWAYS_SEARCH_USER_PATHS = NO;
				CLANG_CXX_LANGUAGE_STANDARD = "gnu++0x";
				CLANG_CXX_LIBRARY = "libc++";
				CLANG_ENABLE_MODULES = YES;
				CLANG_ENABLE_OBJC_ARC = YES;
				CLANG_WARN_BOOL_CONVERSION = YES;
				CLANG_WARN_CONSTANT_CONVERSION = YES;
				CLANG_WARN_DIRECT_OBJC_ISA_USAGE = YES_ERROR;
				CLANG_WARN_EMPTY_BODY = YES;
				CLANG_WARN_ENUM_CONVERSION = YES;
				CLANG_WARN_INT_CONVERSION = YES;
				CLANG_WARN_OBJC_ROOT_CLASS = YES_ERROR;
				CLANG_WARN_UNREACHABLE_CODE = YES;
				CLANG_WARN__DUPLICATE_METHOD_MATCH = YES;
				"CODE_SIGN_IDENTITY[sdk=iphoneos*]" = "iPhone Developer";
				COPY_PHASE_STRIP = NO;
				DEBUG_INFORMATION_FORMAT = "dwarf-with-dsym";
				ENABLE_NS_ASSERTIONS = NO;
				ENABLE_STRICT_OBJC_MSGSEND = YES;
				GCC_C_LANGUAGE_STANDARD = gnu99;
				GCC_NO_COMMON_BLOCKS = YES;
				GCC_WARN_64_TO_32_BIT_CONVERSION = YES;
				GCC_WARN_ABOUT_RETURN_TYPE = YES_ERROR;
				GCC_WARN_UNDECLARED_SELECTOR = YES;
				GCC_WARN_UNINITIALIZED_AUTOS = YES_AGGRESSIVE;
				GCC_WARN_UNUSED_FUNCTION = YES;
				GCC_WARN_UNUSED_VARIABLE = YES;
				IPHONEOS_DEPLOYMENT_TARGET = 12.0;
				MTL_ENABLE_DEBUG_INFO = NO;
				SDKROOT = iphoneos;
				TARGETED_DEVICE_FAMILY = "1,2";
				VALIDATE_PRODUCT = YES;
			};
			name = DailyBuild;
		};
		44F12A9B1B48EBC600812340 /* DailyBuild */ = {
			isa = XCBuildConfiguration;
			buildSettings = {
				CLANG_CXX_LANGUAGE_STANDARD = "gnu++0x";
				CLANG_CXX_LIBRARY = "compiler-default";
				CODE_SIGN_IDENTITY = "iPhone Developer";
				CODE_SIGN_STYLE = Manual;
				DEVELOPMENT_TEAM = FN2V63AD2J;
				ENABLE_BITCODE = NO;
				FRAMEWORK_SEARCH_PATHS = (
					"$(inherited)",
					"$(PROJECT_DIR)/MSDKDnsDemo",
					"$(PROJECT_DIR)/../MSDKDns",
					"$(PROJECT_DIR)",
					"$(PROJECT_DIR)/../**",
				);
				GCC_INPUT_FILETYPE = sourcecode.cpp.objcpp;
				HEADER_SEARCH_PATHS = "";
				INFOPLIST_FILE = MSDKDnsDemo/Info.plist;
				IPHONEOS_DEPLOYMENT_TARGET = 9.0;
				LD_RUNPATH_SEARCH_PATHS = "$(inherited) @executable_path/Frameworks $(PROJECT_DIR)/../..";
				ONLY_ACTIVE_ARCH = YES;
				OTHER_LDFLAGS = (
					"-ObjC",
					"-all_load",
				);
				PRODUCT_BUNDLE_IDENTIFIER = com.tencent.httpdnsdemo;
				PRODUCT_NAME = "$(TARGET_NAME)";
				PROVISIONING_PROFILE = "";
				"PROVISIONING_PROFILE[arch=*]" = "";
				PROVISIONING_PROFILE_SPECIFIER = com.tencent.httpdnsdemo_Development_SignProvision;
			};
			name = DailyBuild;
		};
		44F12A9C1B48EBC600812340 /* DailyBuild */ = {
			isa = XCBuildConfiguration;
			buildSettings = {
				BUNDLE_LOADER = "$(TEST_HOST)";
				DEVELOPMENT_TEAM = "";
				FRAMEWORK_SEARCH_PATHS = (
					"$(SDKROOT)/Developer/Library/Frameworks",
					"$(inherited)",
				);
				GCC_INPUT_FILETYPE = sourcecode.cpp.objcpp;
				INFOPLIST_FILE = MSDKDnsDemoTests/Info.plist;
				LD_RUNPATH_SEARCH_PATHS = "$(inherited) @executable_path/Frameworks @loader_path/Frameworks";
				PRODUCT_NAME = "$(TARGET_NAME)";
				TEST_HOST = "$(BUILT_PRODUCTS_DIR)/MSDKDnsDemo.app/MSDKDnsDemo";
			};
			name = DailyBuild;
		};
		44F12A9F1B48EC3000812340 /* Debug */ = {
			isa = XCBuildConfiguration;
			buildSettings = {
				IPHONEOS_DEPLOYMENT_TARGET = 12.0;
				PRODUCT_NAME = "$(TARGET_NAME)";
			};
			name = Debug;
		};
		44F12AA01B48EC3000812340 /* Release */ = {
			isa = XCBuildConfiguration;
			buildSettings = {
				IPHONEOS_DEPLOYMENT_TARGET = 12.0;
				PRODUCT_NAME = "$(TARGET_NAME)";
			};
			name = Release;
		};
		44F12AA11B48EC3000812340 /* DailyBuild */ = {
			isa = XCBuildConfiguration;
			buildSettings = {
				IPHONEOS_DEPLOYMENT_TARGET = 12.0;
				PRODUCT_NAME = "$(TARGET_NAME)";
			};
			name = DailyBuild;
		};
/* End XCBuildConfiguration section */

/* Begin XCConfigurationList section */
		44F12A2F1B48E52A00812340 /* Build configuration list for PBXProject "MSDKDnsDemo" */ = {
			isa = XCConfigurationList;
			buildConfigurations = (
				44F12A551B48E52A00812340 /* Debug */,
				44F12A561B48E52A00812340 /* Release */,
				44F12A9A1B48EBC600812340 /* DailyBuild */,
			);
			defaultConfigurationIsVisible = 0;
			defaultConfigurationName = Release;
		};
		44F12A571B48E52A00812340 /* Build configuration list for PBXNativeTarget "MSDKDnsDemo" */ = {
			isa = XCConfigurationList;
			buildConfigurations = (
				44F12A581B48E52A00812340 /* Debug */,
				44F12A591B48E52A00812340 /* Release */,
				44F12A9B1B48EBC600812340 /* DailyBuild */,
			);
			defaultConfigurationIsVisible = 0;
			defaultConfigurationName = Release;
		};
		44F12A5A1B48E52A00812340 /* Build configuration list for PBXNativeTarget "MSDKDnsDemoTests" */ = {
			isa = XCConfigurationList;
			buildConfigurations = (
				44F12A5B1B48E52A00812340 /* Debug */,
				44F12A5C1B48E52A00812340 /* Release */,
				44F12A9C1B48EBC600812340 /* DailyBuild */,
			);
			defaultConfigurationIsVisible = 0;
			defaultConfigurationName = Release;
		};
		44F12A9E1B48EC3000812340 /* Build configuration list for PBXAggregateTarget "dailybuildipa" */ = {
			isa = XCConfigurationList;
			buildConfigurations = (
				44F12A9F1B48EC3000812340 /* Debug */,
				44F12AA01B48EC3000812340 /* Release */,
				44F12AA11B48EC3000812340 /* DailyBuild */,
			);
			defaultConfigurationIsVisible = 0;
			defaultConfigurationName = Release;
		};
/* End XCConfigurationList section */
	};
	rootObject = 44F12A2C1B48E52A00812340 /* Project object */;
}
